// !$*UTF8*$!
{
	archiveVersion = 1;
	classes = {
	};
	objectVersion = 50;
	objects = {

/* Begin PBXBuildFile section */
		1BBA19B2231FF4D300116004 /* FileManager+Image.swift in Sources */ = {isa = PBXBuildFile; fileRef = 1BBA19B1231FF4D300116004 /* FileManager+Image.swift */; };
		1BFB061A2331040D00E7DB70 /* README.md in Resources */ = {isa = PBXBuildFile; fileRef = 1BFB06192331040D00E7DB70 /* README.md */; };
		1BFB061E2331096A00E7DB70 /* HomeViewController.swift in Sources */ = {isa = PBXBuildFile; fileRef = 1BFB061D2331096A00E7DB70 /* HomeViewController.swift */; };
		4818E1372322AFC500EFF585 /* AppDelegate.swift in Sources */ = {isa = PBXBuildFile; fileRef = A343CF4723180C31005F2210 /* AppDelegate.swift */; };
		482922F6231D42B2005DAF11 /* ConfigurableController.swift in Sources */ = {isa = PBXBuildFile; fileRef = 482922F5231D42B2005DAF11 /* ConfigurableController.swift */; };
		487B9B252331193900D8D6CC /* Product.swift in Sources */ = {isa = PBXBuildFile; fileRef = 487B9B242331193900D8D6CC /* Product.swift */; };
		487B9B2723311BC900D8D6CC /* ProductLog.swift in Sources */ = {isa = PBXBuildFile; fileRef = 487B9B2623311BC900D8D6CC /* ProductLog.swift */; };
		487B9B2923311C8F00D8D6CC /* LogType.swift in Sources */ = {isa = PBXBuildFile; fileRef = 487B9B2823311C8F00D8D6CC /* LogType.swift */; };
		487B9B2B23311D2100D8D6CC /* Measure.swift in Sources */ = {isa = PBXBuildFile; fileRef = 487B9B2A23311D2100D8D6CC /* Measure.swift */; };
		487B9B2D23311DE400D8D6CC /* MenuItemProduct.swift in Sources */ = {isa = PBXBuildFile; fileRef = 487B9B2C23311DE400D8D6CC /* MenuItemProduct.swift */; };
		487B9B2F23311E5400D8D6CC /* MenuItem.swift in Sources */ = {isa = PBXBuildFile; fileRef = 487B9B2E23311E5400D8D6CC /* MenuItem.swift */; };
		487B9B3323311F7200D8D6CC /* MenuItemPromotion.swift in Sources */ = {isa = PBXBuildFile; fileRef = 487B9B3223311F7200D8D6CC /* MenuItemPromotion.swift */; };
		487B9B3523311FDC00D8D6CC /* Promotion.swift in Sources */ = {isa = PBXBuildFile; fileRef = 487B9B3423311FDC00D8D6CC /* Promotion.swift */; };
		487B9B37233122C400D8D6CC /* Menu.swift in Sources */ = {isa = PBXBuildFile; fileRef = 487B9B36233122C400D8D6CC /* Menu.swift */; };
		4C94BAD8233B9086008D62F5 /* UIView.swift in Sources */ = {isa = PBXBuildFile; fileRef = 4C94BAD7233B9086008D62F5 /* UIView.swift */; };
		4C94BADB233BA553008D62F5 /* ProductItemTableViewCell.swift in Sources */ = {isa = PBXBuildFile; fileRef = 4C94BADA233BA552008D62F5 /* ProductItemTableViewCell.swift */; };
		4C94BADD233BA8ED008D62F5 /* UILabel.swift in Sources */ = {isa = PBXBuildFile; fileRef = 4C94BADC233BA8ED008D62F5 /* UILabel.swift */; };
		4C94BAE2233BE19A008D62F5 /* TableViewController.swift in Sources */ = {isa = PBXBuildFile; fileRef = 4C94BAE1233BE19A008D62F5 /* TableViewController.swift */; };
		4C94BAE4233BEE05008D62F5 /* ButtonTableViewCell.swift in Sources */ = {isa = PBXBuildFile; fileRef = 4C94BAE3233BEE05008D62F5 /* ButtonTableViewCell.swift */; };
		4C94BAE6233CD7BC008D62F5 /* LabeledTableViewCell.swift in Sources */ = {isa = PBXBuildFile; fileRef = 4C94BAE5233CD7BC008D62F5 /* LabeledTableViewCell.swift */; };
		4C94BAE8233CE4FA008D62F5 /* ProductTableViewCell.swift in Sources */ = {isa = PBXBuildFile; fileRef = 4C94BAE7233CE4FA008D62F5 /* ProductTableViewCell.swift */; };
		A343CF5223180C3C005F2210 /* Assets.xcassets in Resources */ = {isa = PBXBuildFile; fileRef = A343CF5123180C3C005F2210 /* Assets.xcassets */; };
		A343CF5523180C3C005F2210 /* LaunchScreen.storyboard in Resources */ = {isa = PBXBuildFile; fileRef = A343CF5323180C3C005F2210 /* LaunchScreen.storyboard */; };
		A353D7C9231FE416004A5139 /* NavigationDrawerView.swift in Sources */ = {isa = PBXBuildFile; fileRef = A353D7C8231FE416004A5139 /* NavigationDrawerView.swift */; };
		A353D7CE231FE4B1004A5139 /* NavigationDrawerMenu.swift in Sources */ = {isa = PBXBuildFile; fileRef = A353D7CD231FE4B1004A5139 /* NavigationDrawerMenu.swift */; };
		A353D7D3231FE55B004A5139 /* NavigationDrawerViewController.swift in Sources */ = {isa = PBXBuildFile; fileRef = A353D7D2231FE55B004A5139 /* NavigationDrawerViewController.swift */; };
		A353D7DC231FE61C004A5139 /* AppSplitViewController.swift in Sources */ = {isa = PBXBuildFile; fileRef = A353D7DB231FE61C004A5139 /* AppSplitViewController.swift */; };
/* End PBXBuildFile section */

/* Begin PBXFileReference section */
		1BBA19B1231FF4D300116004 /* FileManager+Image.swift */ = {isa = PBXFileReference; lastKnownFileType = sourcecode.swift; path = "FileManager+Image.swift"; sourceTree = "<group>"; };
		1BFB06192331040D00E7DB70 /* README.md */ = {isa = PBXFileReference; lastKnownFileType = net.daringfireball.markdown; path = README.md; sourceTree = "<group>"; };
		1BFB061D2331096A00E7DB70 /* HomeViewController.swift */ = {isa = PBXFileReference; lastKnownFileType = sourcecode.swift; path = HomeViewController.swift; sourceTree = "<group>"; };
		482922F5231D42B2005DAF11 /* ConfigurableController.swift */ = {isa = PBXFileReference; lastKnownFileType = sourcecode.swift; path = ConfigurableController.swift; sourceTree = "<group>"; };
		487B9B242331193900D8D6CC /* Product.swift */ = {isa = PBXFileReference; lastKnownFileType = sourcecode.swift; path = Product.swift; sourceTree = "<group>"; };
		487B9B2623311BC900D8D6CC /* ProductLog.swift */ = {isa = PBXFileReference; lastKnownFileType = sourcecode.swift; path = ProductLog.swift; sourceTree = "<group>"; };
		487B9B2823311C8F00D8D6CC /* LogType.swift */ = {isa = PBXFileReference; lastKnownFileType = sourcecode.swift; path = LogType.swift; sourceTree = "<group>"; };
		487B9B2A23311D2100D8D6CC /* Measure.swift */ = {isa = PBXFileReference; lastKnownFileType = sourcecode.swift; path = Measure.swift; sourceTree = "<group>"; };
		487B9B2C23311DE400D8D6CC /* MenuItemProduct.swift */ = {isa = PBXFileReference; lastKnownFileType = sourcecode.swift; path = MenuItemProduct.swift; sourceTree = "<group>"; };
		487B9B2E23311E5400D8D6CC /* MenuItem.swift */ = {isa = PBXFileReference; lastKnownFileType = sourcecode.swift; path = MenuItem.swift; sourceTree = "<group>"; };
		487B9B3223311F7200D8D6CC /* MenuItemPromotion.swift */ = {isa = PBXFileReference; lastKnownFileType = sourcecode.swift; path = MenuItemPromotion.swift; sourceTree = "<group>"; };
		487B9B3423311FDC00D8D6CC /* Promotion.swift */ = {isa = PBXFileReference; lastKnownFileType = sourcecode.swift; path = Promotion.swift; sourceTree = "<group>"; };
		487B9B36233122C400D8D6CC /* Menu.swift */ = {isa = PBXFileReference; lastKnownFileType = sourcecode.swift; path = Menu.swift; sourceTree = "<group>"; };
		4C94BAD7233B9086008D62F5 /* UIView.swift */ = {isa = PBXFileReference; lastKnownFileType = sourcecode.swift; path = UIView.swift; sourceTree = "<group>"; };
		4C94BADA233BA552008D62F5 /* ProductItemTableViewCell.swift */ = {isa = PBXFileReference; lastKnownFileType = sourcecode.swift; path = ProductItemTableViewCell.swift; sourceTree = "<group>"; };
		4C94BADC233BA8ED008D62F5 /* UILabel.swift */ = {isa = PBXFileReference; lastKnownFileType = sourcecode.swift; path = UILabel.swift; sourceTree = "<group>"; };
		4C94BAE1233BE19A008D62F5 /* TableViewController.swift */ = {isa = PBXFileReference; lastKnownFileType = sourcecode.swift; path = TableViewController.swift; sourceTree = "<group>"; };
		4C94BAE3233BEE05008D62F5 /* ButtonTableViewCell.swift */ = {isa = PBXFileReference; lastKnownFileType = sourcecode.swift; path = ButtonTableViewCell.swift; sourceTree = "<group>"; };
		4C94BAE5233CD7BC008D62F5 /* LabeledTableViewCell.swift */ = {isa = PBXFileReference; lastKnownFileType = sourcecode.swift; path = LabeledTableViewCell.swift; sourceTree = "<group>"; };
		4C94BAE7233CE4FA008D62F5 /* ProductTableViewCell.swift */ = {isa = PBXFileReference; lastKnownFileType = sourcecode.swift; path = ProductTableViewCell.swift; sourceTree = "<group>"; };
		A343CF4423180C31005F2210 /* project-saarah.app */ = {isa = PBXFileReference; explicitFileType = wrapper.application; includeInIndex = 0; path = "project-saarah.app"; sourceTree = BUILT_PRODUCTS_DIR; };
		A343CF4723180C31005F2210 /* AppDelegate.swift */ = {isa = PBXFileReference; lastKnownFileType = sourcecode.swift; path = AppDelegate.swift; sourceTree = "<group>"; };
		A343CF5123180C3C005F2210 /* Assets.xcassets */ = {isa = PBXFileReference; lastKnownFileType = folder.assetcatalog; path = Assets.xcassets; sourceTree = "<group>"; };
		A343CF5423180C3C005F2210 /* Base */ = {isa = PBXFileReference; lastKnownFileType = file.storyboard; name = Base; path = Base.lproj/LaunchScreen.storyboard; sourceTree = "<group>"; };
		A343CF5623180C3C005F2210 /* Info.plist */ = {isa = PBXFileReference; lastKnownFileType = text.plist.xml; path = Info.plist; sourceTree = "<group>"; };
		A353D7C8231FE416004A5139 /* NavigationDrawerView.swift */ = {isa = PBXFileReference; lastKnownFileType = sourcecode.swift; path = NavigationDrawerView.swift; sourceTree = "<group>"; };
		A353D7CD231FE4B1004A5139 /* NavigationDrawerMenu.swift */ = {isa = PBXFileReference; lastKnownFileType = sourcecode.swift; path = NavigationDrawerMenu.swift; sourceTree = "<group>"; };
		A353D7D2231FE55B004A5139 /* NavigationDrawerViewController.swift */ = {isa = PBXFileReference; lastKnownFileType = sourcecode.swift; path = NavigationDrawerViewController.swift; sourceTree = "<group>"; };
		A353D7DB231FE61C004A5139 /* AppSplitViewController.swift */ = {isa = PBXFileReference; lastKnownFileType = sourcecode.swift; path = AppSplitViewController.swift; sourceTree = "<group>"; };
		A3780872233B8D63005B26E8 /* README.md */ = {isa = PBXFileReference; lastKnownFileType = net.daringfireball.markdown; path = README.md; sourceTree = "<group>"; };
/* End PBXFileReference section */

/* Begin PBXFrameworksBuildPhase section */
		A343CF4123180C31005F2210 /* Frameworks */ = {
			isa = PBXFrameworksBuildPhase;
			buildActionMask = 2147483647;
			files = (
			);
			runOnlyForDeploymentPostprocessing = 0;
		};
/* End PBXFrameworksBuildPhase section */

/* Begin PBXGroup section */
		1B4F4178231DF83400EB1F13 /* services */ = {
			isa = PBXGroup;
			children = (
				1BFB06192331040D00E7DB70 /* README.md */,
			);
			path = services;
			sourceTree = "<group>";
		};
		482922F7231D4503005DAF11 /* utils */ = {
			isa = PBXGroup;
			children = (
				482922F5231D42B2005DAF11 /* ConfigurableController.swift */,
				1BBA19B1231FF4D300116004 /* FileManager+Image.swift */,
			);
			path = utils;
			sourceTree = "<group>";
		};
		48ED6BCE231D3D7300A792DF /* controllers */ = {
			isa = PBXGroup;
			children = (
				A353D7DA231FE605004A5139 /* split-view */,
				A353D7D1231FE525004A5139 /* navigation-drawer */,
				1BFB061D2331096A00E7DB70 /* HomeViewController.swift */,
			);
			path = controllers;
			sourceTree = "<group>";
		};
		48ED6BD2231D3D9C00A792DF /* views */ = {
			isa = PBXGroup;
			children = (
				A353D7C7231FE3F3004A5139 /* components */,
			);
			path = views;
			sourceTree = "<group>";
		};
		48ED6BDB231D3DF700A792DF /* applications */ = {
			isa = PBXGroup;
			children = (
				A343CF4723180C31005F2210 /* AppDelegate.swift */,
				A343CF5323180C3C005F2210 /* LaunchScreen.storyboard */,
				A343CF5123180C3C005F2210 /* Assets.xcassets */,
			);
			path = applications;
			sourceTree = "<group>";
		};
		4C94BAD6233B9060008D62F5 /* extensions */ = {
			isa = PBXGroup;
			children = (
				4C94BAD7233B9086008D62F5 /* UIView.swift */,
				4C94BADC233BA8ED008D62F5 /* UILabel.swift */,
			);
			path = extensions;
			sourceTree = "<group>";
		};
		4C94BAD9233BA515008D62F5 /* components */ = {
			isa = PBXGroup;
			children = (
				4C94BAE3233BEE05008D62F5 /* ButtonTableViewCell.swift */,
				4C94BAE5233CD7BC008D62F5 /* LabeledTableViewCell.swift */,
				4C94BADA233BA552008D62F5 /* ProductItemTableViewCell.swift */,
				4C94BAE7233CE4FA008D62F5 /* ProductTableViewCell.swift */,
			);
			path = components;
			sourceTree = "<group>";
		};
		4C94BAE0233BE149008D62F5 /* helpers */ = {
			isa = PBXGroup;
			children = (
				4C94BAE1233BE19A008D62F5 /* TableViewController.swift */,
			);
			path = helpers;
			sourceTree = "<group>";
		};
		A343CF3B23180C31005F2210 = {
			isa = PBXGroup;
			children = (
				A343CF4623180C31005F2210 /* project-saarah */,
				A343CF4523180C31005F2210 /* Products */,
			);
			sourceTree = "<group>";
		};
		A343CF4523180C31005F2210 /* Products */ = {
			isa = PBXGroup;
			children = (
				A343CF4423180C31005F2210 /* project-saarah.app */,
			);
			name = Products;
			sourceTree = "<group>";
		};
		A343CF4623180C31005F2210 /* project-saarah */ = {
			isa = PBXGroup;
			children = (
				A343CF5623180C3C005F2210 /* Info.plist */,
				1B4F4178231DF83400EB1F13 /* services */,
				482922F7231D4503005DAF11 /* utils */,
				4C94BAD6233B9060008D62F5 /* extensions */,
				4C94BAD9233BA515008D62F5 /* components */,
				4C94BAE0233BE149008D62F5 /* helpers */,
				48ED6BDB231D3DF700A792DF /* applications */,
				A353D7CA231FE44A004A5139 /* models */,
				48ED6BD2231D3D9C00A792DF /* views */,
				A3780871233B8CF9005B26E8 /* scenes */,
				48ED6BCE231D3D7300A792DF /* controllers */,
			);
			path = "project-saarah";
			sourceTree = "<group>";
		};
		A353D7C7231FE3F3004A5139 /* components */ = {
			isa = PBXGroup;
			children = (
				A353D7C8231FE416004A5139 /* NavigationDrawerView.swift */,
			);
			path = components;
			sourceTree = "<group>";
		};
		A353D7CA231FE44A004A5139 /* models */ = {
			isa = PBXGroup;
			children = (
				A353D7CD231FE4B1004A5139 /* NavigationDrawerMenu.swift */,
				487B9B242331193900D8D6CC /* Product.swift */,
				487B9B2623311BC900D8D6CC /* ProductLog.swift */,
				487B9B2823311C8F00D8D6CC /* LogType.swift */,
				487B9B2A23311D2100D8D6CC /* Measure.swift */,
				487B9B2C23311DE400D8D6CC /* MenuItemProduct.swift */,
				487B9B2E23311E5400D8D6CC /* MenuItem.swift */,
				487B9B3223311F7200D8D6CC /* MenuItemPromotion.swift */,
				487B9B3423311FDC00D8D6CC /* Promotion.swift */,
				487B9B36233122C400D8D6CC /* Menu.swift */,
			);
			path = models;
			sourceTree = "<group>";
		};
		A353D7D1231FE525004A5139 /* navigation-drawer */ = {
			isa = PBXGroup;
			children = (
				A353D7D2231FE55B004A5139 /* NavigationDrawerViewController.swift */,
			);
			path = "navigation-drawer";
			sourceTree = "<group>";
		};
		A353D7DA231FE605004A5139 /* split-view */ = {
			isa = PBXGroup;
			children = (
				A353D7DB231FE61C004A5139 /* AppSplitViewController.swift */,
			);
			path = "split-view";
			sourceTree = "<group>";
		};
		A3780871233B8CF9005B26E8 /* scenes */ = {
			isa = PBXGroup;
			children = (
				A3780872233B8D63005B26E8 /* README.md */,
			);
			path = scenes;
			sourceTree = "<group>";
		};
/* End PBXGroup section */

/* Begin PBXNativeTarget section */
		A343CF4323180C31005F2210 /* project-saarah */ = {
			isa = PBXNativeTarget;
			buildConfigurationList = A343CF5923180C3C005F2210 /* Build configuration list for PBXNativeTarget "project-saarah" */;
			buildPhases = (
				A343CF4023180C31005F2210 /* Sources */,
				A343CF4123180C31005F2210 /* Frameworks */,
				A343CF4223180C31005F2210 /* Resources */,
				A343CF5C231947FF005F2210 /* Run Swift Lint */,
			);
			buildRules = (
			);
			dependencies = (
			);
			name = "project-saarah";
			productName = "project-saarah";
			productReference = A343CF4423180C31005F2210 /* project-saarah.app */;
			productType = "com.apple.product-type.application";
		};
/* End PBXNativeTarget section */

/* Begin PBXProject section */
		A343CF3C23180C31005F2210 /* Project object */ = {
			isa = PBXProject;
			attributes = {
				LastSwiftUpdateCheck = 1020;
				LastUpgradeCheck = 1030;
				ORGANIZATIONNAME = "Bruno Rocha";
				TargetAttributes = {
					A343CF4323180C31005F2210 = {
						CreatedOnToolsVersion = 10.2.1;
					};
				};
			};
			buildConfigurationList = A343CF3F23180C31005F2210 /* Build configuration list for PBXProject "project-saarah" */;
			compatibilityVersion = "Xcode 9.3";
			developmentRegion = en;
			hasScannedForEncodings = 0;
			knownRegions = (
				en,
				Base,
			);
			mainGroup = A343CF3B23180C31005F2210;
			productRefGroup = A343CF4523180C31005F2210 /* Products */;
			projectDirPath = "";
			projectRoot = "";
			targets = (
				A343CF4323180C31005F2210 /* project-saarah */,
			);
		};
/* End PBXProject section */

/* Begin PBXResourcesBuildPhase section */
		A343CF4223180C31005F2210 /* Resources */ = {
			isa = PBXResourcesBuildPhase;
			buildActionMask = 2147483647;
			files = (
				A343CF5523180C3C005F2210 /* LaunchScreen.storyboard in Resources */,
				1BFB061A2331040D00E7DB70 /* README.md in Resources */,
				A343CF5223180C3C005F2210 /* Assets.xcassets in Resources */,
			);
			runOnlyForDeploymentPostprocessing = 0;
		};
/* End PBXResourcesBuildPhase section */

/* Begin PBXShellScriptBuildPhase section */
		A343CF5C231947FF005F2210 /* Run Swift Lint */ = {
			isa = PBXShellScriptBuildPhase;
			buildActionMask = 2147483647;
			files = (
			);
			inputFileListPaths = (
			);
			inputPaths = (
			);
			name = "Run Swift Lint";
			outputFileListPaths = (
			);
			outputPaths = (
			);
			runOnlyForDeploymentPostprocessing = 0;
			shellPath = /bin/sh;
			shellScript = "\nif which swiftlint >/dev/null; then\nswiftlint\nelse\necho \"warning: SwiftLint not installed, download from https://github.com/realm/SwiftLint\"\nfi\n";
		};
/* End PBXShellScriptBuildPhase section */

/* Begin PBXSourcesBuildPhase section */
		A343CF4023180C31005F2210 /* Sources */ = {
			isa = PBXSourcesBuildPhase;
			buildActionMask = 2147483647;
			files = (
				4C94BADB233BA553008D62F5 /* ProductItemTableViewCell.swift in Sources */,
				4C94BAE4233BEE05008D62F5 /* ButtonTableViewCell.swift in Sources */,
				A353D7C9231FE416004A5139 /* NavigationDrawerView.swift in Sources */,
				487B9B3523311FDC00D8D6CC /* Promotion.swift in Sources */,
				A353D7CE231FE4B1004A5139 /* NavigationDrawerMenu.swift in Sources */,
				487B9B2B23311D2100D8D6CC /* Measure.swift in Sources */,
				487B9B252331193900D8D6CC /* Product.swift in Sources */,
				4818E1372322AFC500EFF585 /* AppDelegate.swift in Sources */,
				487B9B2D23311DE400D8D6CC /* MenuItemProduct.swift in Sources */,
				487B9B2723311BC900D8D6CC /* ProductLog.swift in Sources */,
				487B9B2F23311E5400D8D6CC /* MenuItem.swift in Sources */,
				4C94BADD233BA8ED008D62F5 /* UILabel.swift in Sources */,
				1BFB061E2331096A00E7DB70 /* HomeViewController.swift in Sources */,
				A353D7D3231FE55B004A5139 /* NavigationDrawerViewController.swift in Sources */,
				A353D7DC231FE61C004A5139 /* AppSplitViewController.swift in Sources */,
				487B9B2923311C8F00D8D6CC /* LogType.swift in Sources */,
				487B9B37233122C400D8D6CC /* Menu.swift in Sources */,
				4C94BAE8233CE4FA008D62F5 /* ProductTableViewCell.swift in Sources */,
				4C94BAE2233BE19A008D62F5 /* TableViewController.swift in Sources */,
				482922F6231D42B2005DAF11 /* ConfigurableController.swift in Sources */,
				4C94BAE6233CD7BC008D62F5 /* LabeledTableViewCell.swift in Sources */,
				1BBA19B2231FF4D300116004 /* FileManager+Image.swift in Sources */,
				4C94BAD8233B9086008D62F5 /* UIView.swift in Sources */,
				487B9B3323311F7200D8D6CC /* MenuItemPromotion.swift in Sources */,
			);
			runOnlyForDeploymentPostprocessing = 0;
		};
/* End PBXSourcesBuildPhase section */

/* Begin PBXVariantGroup section */
		A343CF5323180C3C005F2210 /* LaunchScreen.storyboard */ = {
			isa = PBXVariantGroup;
			children = (
				A343CF5423180C3C005F2210 /* Base */,
			);
			name = LaunchScreen.storyboard;
			sourceTree = "<group>";
		};
/* End PBXVariantGroup section */

/* Begin XCBuildConfiguration section */
		A343CF5723180C3C005F2210 /* Debug */ = {
			isa = XCBuildConfiguration;
			buildSettings = {
				ALWAYS_SEARCH_USER_PATHS = NO;
				CLANG_ANALYZER_NONNULL = YES;
				CLANG_ANALYZER_NUMBER_OBJECT_CONVERSION = YES_AGGRESSIVE;
				CLANG_CXX_LANGUAGE_STANDARD = "gnu++14";
				CLANG_CXX_LIBRARY = "libc++";
				CLANG_ENABLE_MODULES = YES;
				CLANG_ENABLE_OBJC_ARC = YES;
				CLANG_ENABLE_OBJC_WEAK = YES;
				CLANG_WARN_BLOCK_CAPTURE_AUTORELEASING = YES;
				CLANG_WARN_BOOL_CONVERSION = YES;
				CLANG_WARN_COMMA = YES;
				CLANG_WARN_CONSTANT_CONVERSION = YES;
				CLANG_WARN_DEPRECATED_OBJC_IMPLEMENTATIONS = YES;
				CLANG_WARN_DIRECT_OBJC_ISA_USAGE = YES_ERROR;
				CLANG_WARN_DOCUMENTATION_COMMENTS = YES;
				CLANG_WARN_EMPTY_BODY = YES;
				CLANG_WARN_ENUM_CONVERSION = YES;
				CLANG_WARN_INFINITE_RECURSION = YES;
				CLANG_WARN_INT_CONVERSION = YES;
				CLANG_WARN_NON_LITERAL_NULL_CONVERSION = YES;
				CLANG_WARN_OBJC_IMPLICIT_RETAIN_SELF = YES;
				CLANG_WARN_OBJC_LITERAL_CONVERSION = YES;
				CLANG_WARN_OBJC_ROOT_CLASS = YES_ERROR;
				CLANG_WARN_RANGE_LOOP_ANALYSIS = YES;
				CLANG_WARN_STRICT_PROTOTYPES = YES;
				CLANG_WARN_SUSPICIOUS_MOVE = YES;
				CLANG_WARN_UNGUARDED_AVAILABILITY = YES_AGGRESSIVE;
				CLANG_WARN_UNREACHABLE_CODE = YES;
				CLANG_WARN__DUPLICATE_METHOD_MATCH = YES;
				CODE_SIGN_IDENTITY = "iPhone Developer";
				COPY_PHASE_STRIP = NO;
				DEBUG_INFORMATION_FORMAT = dwarf;
				ENABLE_STRICT_OBJC_MSGSEND = YES;
				ENABLE_TESTABILITY = YES;
				GCC_C_LANGUAGE_STANDARD = gnu11;
				GCC_DYNAMIC_NO_PIC = NO;
				GCC_NO_COMMON_BLOCKS = YES;
				GCC_OPTIMIZATION_LEVEL = 0;
				GCC_PREPROCESSOR_DEFINITIONS = (
					"DEBUG=1",
					"$(inherited)",
				);
				GCC_WARN_64_TO_32_BIT_CONVERSION = YES;
				GCC_WARN_ABOUT_RETURN_TYPE = YES_ERROR;
				GCC_WARN_UNDECLARED_SELECTOR = YES;
				GCC_WARN_UNINITIALIZED_AUTOS = YES_AGGRESSIVE;
				GCC_WARN_UNUSED_FUNCTION = YES;
				GCC_WARN_UNUSED_VARIABLE = YES;
				IPHONEOS_DEPLOYMENT_TARGET = 12.2;
				MTL_ENABLE_DEBUG_INFO = INCLUDE_SOURCE;
				MTL_FAST_MATH = YES;
				ONLY_ACTIVE_ARCH = YES;
				SDKROOT = iphoneos;
				SWIFT_ACTIVE_COMPILATION_CONDITIONS = DEBUG;
				SWIFT_OPTIMIZATION_LEVEL = "-Onone";
			};
			name = Debug;
		};
		A343CF5823180C3C005F2210 /* Release */ = {
			isa = XCBuildConfiguration;
			buildSettings = {
				ALWAYS_SEARCH_USER_PATHS = NO;
				CLANG_ANALYZER_NONNULL = YES;
				CLANG_ANALYZER_NUMBER_OBJECT_CONVERSION = YES_AGGRESSIVE;
				CLANG_CXX_LANGUAGE_STANDARD = "gnu++14";
				CLANG_CXX_LIBRARY = "libc++";
				CLANG_ENABLE_MODULES = YES;
				CLANG_ENABLE_OBJC_ARC = YES;
				CLANG_ENABLE_OBJC_WEAK = YES;
				CLANG_WARN_BLOCK_CAPTURE_AUTORELEASING = YES;
				CLANG_WARN_BOOL_CONVERSION = YES;
				CLANG_WARN_COMMA = YES;
				CLANG_WARN_CONSTANT_CONVERSION = YES;
				CLANG_WARN_DEPRECATED_OBJC_IMPLEMENTATIONS = YES;
				CLANG_WARN_DIRECT_OBJC_ISA_USAGE = YES_ERROR;
				CLANG_WARN_DOCUMENTATION_COMMENTS = YES;
				CLANG_WARN_EMPTY_BODY = YES;
				CLANG_WARN_ENUM_CONVERSION = YES;
				CLANG_WARN_INFINITE_RECURSION = YES;
				CLANG_WARN_INT_CONVERSION = YES;
				CLANG_WARN_NON_LITERAL_NULL_CONVERSION = YES;
				CLANG_WARN_OBJC_IMPLICIT_RETAIN_SELF = YES;
				CLANG_WARN_OBJC_LITERAL_CONVERSION = YES;
				CLANG_WARN_OBJC_ROOT_CLASS = YES_ERROR;
				CLANG_WARN_RANGE_LOOP_ANALYSIS = YES;
				CLANG_WARN_STRICT_PROTOTYPES = YES;
				CLANG_WARN_SUSPICIOUS_MOVE = YES;
				CLANG_WARN_UNGUARDED_AVAILABILITY = YES_AGGRESSIVE;
				CLANG_WARN_UNREACHABLE_CODE = YES;
				CLANG_WARN__DUPLICATE_METHOD_MATCH = YES;
				CODE_SIGN_IDENTITY = "iPhone Developer";
				COPY_PHASE_STRIP = NO;
				DEBUG_INFORMATION_FORMAT = "dwarf-with-dsym";
				ENABLE_NS_ASSERTIONS = NO;
				ENABLE_STRICT_OBJC_MSGSEND = YES;
				GCC_C_LANGUAGE_STANDARD = gnu11;
				GCC_NO_COMMON_BLOCKS = YES;
				GCC_WARN_64_TO_32_BIT_CONVERSION = YES;
				GCC_WARN_ABOUT_RETURN_TYPE = YES_ERROR;
				GCC_WARN_UNDECLARED_SELECTOR = YES;
				GCC_WARN_UNINITIALIZED_AUTOS = YES_AGGRESSIVE;
				GCC_WARN_UNUSED_FUNCTION = YES;
				GCC_WARN_UNUSED_VARIABLE = YES;
				IPHONEOS_DEPLOYMENT_TARGET = 12.2;
				MTL_ENABLE_DEBUG_INFO = NO;
				MTL_FAST_MATH = YES;
				SDKROOT = iphoneos;
				SWIFT_COMPILATION_MODE = wholemodule;
				SWIFT_OPTIMIZATION_LEVEL = "-O";
				VALIDATE_PRODUCT = YES;
			};
			name = Release;
		};
		A343CF5A23180C3C005F2210 /* Debug */ = {
			isa = XCBuildConfiguration;
			buildSettings = {
				ASSETCATALOG_COMPILER_APPICON_NAME = AppIcon;
				CODE_SIGN_STYLE = Automatic;
				DEVELOPMENT_TEAM = 8UG5N7U4RW;
				INFOPLIST_FILE = "project-saarah/Info.plist";
				LD_RUNPATH_SEARCH_PATHS = (
					"$(inherited)",
					"@executable_path/Frameworks",
				);
				PRODUCT_BUNDLE_IDENTIFIER = "com.project.project-saarah";
				PRODUCT_NAME = "$(TARGET_NAME)";
				SWIFT_VERSION = 5.0;
				TARGETED_DEVICE_FAMILY = "1,2";
			};
			name = Debug;
		};
		A343CF5B23180C3C005F2210 /* Release */ = {
			isa = XCBuildConfiguration;
			buildSettings = {
				ASSETCATALOG_COMPILER_APPICON_NAME = AppIcon;
				CODE_SIGN_STYLE = Automatic;
				DEVELOPMENT_TEAM = 8UG5N7U4RW;
				INFOPLIST_FILE = "project-saarah/Info.plist";
				LD_RUNPATH_SEARCH_PATHS = (
					"$(inherited)",
					"@executable_path/Frameworks",
				);
				PRODUCT_BUNDLE_IDENTIFIER = "com.project.project-saarah";
				PRODUCT_NAME = "$(TARGET_NAME)";
				SWIFT_VERSION = 5.0;
				TARGETED_DEVICE_FAMILY = "1,2";
			};
			name = Release;
		};
/* End XCBuildConfiguration section */

/* Begin XCConfigurationList section */
		A343CF3F23180C31005F2210 /* Build configuration list for PBXProject "project-saarah" */ = {
			isa = XCConfigurationList;
			buildConfigurations = (
				A343CF5723180C3C005F2210 /* Debug */,
				A343CF5823180C3C005F2210 /* Release */,
			);
			defaultConfigurationIsVisible = 0;
			defaultConfigurationName = Release;
		};
		A343CF5923180C3C005F2210 /* Build configuration list for PBXNativeTarget "project-saarah" */ = {
			isa = XCConfigurationList;
			buildConfigurations = (
				A343CF5A23180C3C005F2210 /* Debug */,
				A343CF5B23180C3C005F2210 /* Release */,
			);
			defaultConfigurationIsVisible = 0;
			defaultConfigurationName = Release;
		};
/* End XCConfigurationList section */
	};
	rootObject = A343CF3C23180C31005F2210 /* Project object */;
}
