// !$*UTF8*$!
{
	archiveVersion = 1;
	classes = {
	};
	objectVersion = 50;
	objects = {

/* Begin PBXBuildFile section */
		1B76635123478E640069D581 /* ListInventoryPresenter.swift in Sources */ = {isa = PBXBuildFile; fileRef = 1B76634B23478E640069D581 /* ListInventoryPresenter.swift */; };
		1B76635223478E640069D581 /* ListInventoryRouter.swift in Sources */ = {isa = PBXBuildFile; fileRef = 1B76634C23478E640069D581 /* ListInventoryRouter.swift */; };
		1B76635323478E640069D581 /* ListInventoryModels.swift in Sources */ = {isa = PBXBuildFile; fileRef = 1B76634D23478E640069D581 /* ListInventoryModels.swift */; };
		1B76635423478E640069D581 /* ListInventoryViewController.swift in Sources */ = {isa = PBXBuildFile; fileRef = 1B76634E23478E640069D581 /* ListInventoryViewController.swift */; };
		1B76635523478E640069D581 /* ListInventoryInteractor.swift in Sources */ = {isa = PBXBuildFile; fileRef = 1B76634F23478E640069D581 /* ListInventoryInteractor.swift */; };
		1B76635623478E640069D581 /* ListInventoryView.swift in Sources */ = {isa = PBXBuildFile; fileRef = 1B76635023478E640069D581 /* ListInventoryView.swift */; };
		1B766361234B86740069D581 /* ListInventoryBuilder.swift in Sources */ = {isa = PBXBuildFile; fileRef = 1B766360234B86740069D581 /* ListInventoryBuilder.swift */; };
		1BBA19B2231FF4D300116004 /* FileManager+Image.swift in Sources */ = {isa = PBXBuildFile; fileRef = 1BBA19B1231FF4D300116004 /* FileManager+Image.swift */; };
		1BFB061A2331040D00E7DB70 /* README.md in Resources */ = {isa = PBXBuildFile; fileRef = 1BFB06192331040D00E7DB70 /* README.md */; };
		4818E1372322AFC500EFF585 /* AppDelegate.swift in Sources */ = {isa = PBXBuildFile; fileRef = A343CF4723180C31005F2210 /* AppDelegate.swift */; };
		48244F5723478303007B4AA7 /* ProductDetailPresenter.swift in Sources */ = {isa = PBXBuildFile; fileRef = 48244F5123478302007B4AA7 /* ProductDetailPresenter.swift */; };
		48244F5823478303007B4AA7 /* ProductDetailRouter.swift in Sources */ = {isa = PBXBuildFile; fileRef = 48244F5223478302007B4AA7 /* ProductDetailRouter.swift */; };
		48244F5923478303007B4AA7 /* ProductDetailModels.swift in Sources */ = {isa = PBXBuildFile; fileRef = 48244F5323478302007B4AA7 /* ProductDetailModels.swift */; };
		48244F5A23478303007B4AA7 /* ProductDetailViewController.swift in Sources */ = {isa = PBXBuildFile; fileRef = 48244F5423478302007B4AA7 /* ProductDetailViewController.swift */; };
		48244F5B23478303007B4AA7 /* ProductDetailInteractor.swift in Sources */ = {isa = PBXBuildFile; fileRef = 48244F5523478302007B4AA7 /* ProductDetailInteractor.swift */; };
		48244F5C23478303007B4AA7 /* ProductDetailView.swift in Sources */ = {isa = PBXBuildFile; fileRef = 48244F5623478302007B4AA7 /* ProductDetailView.swift */; };
		48244F5E23479187007B4AA7 /* ProductDetailTableViewDataSource.swift in Sources */ = {isa = PBXBuildFile; fileRef = 48244F5D23479187007B4AA7 /* ProductDetailTableViewDataSource.swift */; };
		487B9B252331193900D8D6CC /* Product.swift in Sources */ = {isa = PBXBuildFile; fileRef = 487B9B242331193900D8D6CC /* Product.swift */; };
		487B9B2723311BC900D8D6CC /* ProductLog.swift in Sources */ = {isa = PBXBuildFile; fileRef = 487B9B2623311BC900D8D6CC /* ProductLog.swift */; };
		487B9B2923311C8F00D8D6CC /* LogType.swift in Sources */ = {isa = PBXBuildFile; fileRef = 487B9B2823311C8F00D8D6CC /* LogType.swift */; };
		487B9B2B23311D2100D8D6CC /* Measure.swift in Sources */ = {isa = PBXBuildFile; fileRef = 487B9B2A23311D2100D8D6CC /* Measure.swift */; };
		487B9B2D23311DE400D8D6CC /* MenuItemProduct.swift in Sources */ = {isa = PBXBuildFile; fileRef = 487B9B2C23311DE400D8D6CC /* MenuItemProduct.swift */; };
		487B9B2F23311E5400D8D6CC /* MenuItem.swift in Sources */ = {isa = PBXBuildFile; fileRef = 487B9B2E23311E5400D8D6CC /* MenuItem.swift */; };
		487B9B3323311F7200D8D6CC /* MenuItemPromotion.swift in Sources */ = {isa = PBXBuildFile; fileRef = 487B9B3223311F7200D8D6CC /* MenuItemPromotion.swift */; };
		487B9B3523311FDC00D8D6CC /* Promotion.swift in Sources */ = {isa = PBXBuildFile; fileRef = 487B9B3423311FDC00D8D6CC /* Promotion.swift */; };
		487B9B37233122C400D8D6CC /* Menu.swift in Sources */ = {isa = PBXBuildFile; fileRef = 487B9B36233122C400D8D6CC /* Menu.swift */; };
		489C019B234B626B00AEC143 /* DateFormatManager.swift in Sources */ = {isa = PBXBuildFile; fileRef = 489C019A234B626B00AEC143 /* DateFormatManager.swift */; };
		489C01A1234B89FC00AEC143 /* FileManager+Image.swift in Sources */ = {isa = PBXBuildFile; fileRef = 1BBA19B1231FF4D300116004 /* FileManager+Image.swift */; };
		48BC8069234CB1560001B1A9 /* ConfigurableController.swift in Sources */ = {isa = PBXBuildFile; fileRef = 482922F5231D42B2005DAF11 /* ConfigurableController.swift */; };
		48BC806B234CB6270001B1A9 /* ProductDetailBuilder.swift in Sources */ = {isa = PBXBuildFile; fileRef = 48BC806A234CB6270001B1A9 /* ProductDetailBuilder.swift */; };
		4C94BAD8233B9086008D62F5 /* UIView.swift in Sources */ = {isa = PBXBuildFile; fileRef = 4C94BAD7233B9086008D62F5 /* UIView.swift */; };
		4C94BADB233BA553008D62F5 /* ProductItemTableViewCell.swift in Sources */ = {isa = PBXBuildFile; fileRef = 4C94BADA233BA552008D62F5 /* ProductItemTableViewCell.swift */; };
		4C94BADD233BA8ED008D62F5 /* UILabel.swift in Sources */ = {isa = PBXBuildFile; fileRef = 4C94BADC233BA8ED008D62F5 /* UILabel.swift */; };
		4C94BAE2233BE19A008D62F5 /* TableViewController.swift in Sources */ = {isa = PBXBuildFile; fileRef = 4C94BAE1233BE19A008D62F5 /* TableViewController.swift */; };
		4C94BAE4233BEE05008D62F5 /* ButtonTableViewCell.swift in Sources */ = {isa = PBXBuildFile; fileRef = 4C94BAE3233BEE05008D62F5 /* ButtonTableViewCell.swift */; };
		4C94BAE6233CD7BC008D62F5 /* LabeledTableViewCell.swift in Sources */ = {isa = PBXBuildFile; fileRef = 4C94BAE5233CD7BC008D62F5 /* LabeledTableViewCell.swift */; };
		4C94BAE8233CE4FA008D62F5 /* ProductTableViewCell.swift in Sources */ = {isa = PBXBuildFile; fileRef = 4C94BAE7233CE4FA008D62F5 /* ProductTableViewCell.swift */; };
		4C94BAEB233CFB71008D62F5 /* PickerFieldtableViewCell.swift in Sources */ = {isa = PBXBuildFile; fileRef = 4C94BAEA233CFB71008D62F5 /* PickerFieldtableViewCell.swift */; };
		A304F93C233CD90B00C3B6F7 /* DefaultSectionHeaderView.swift in Sources */ = {isa = PBXBuildFile; fileRef = A304F93B233CD90B00C3B6F7 /* DefaultSectionHeaderView.swift */; };
		A304F940233CD9EA00C3B6F7 /* CaptionBoldLabel.swift in Sources */ = {isa = PBXBuildFile; fileRef = A304F93F233CD9EA00C3B6F7 /* CaptionBoldLabel.swift */; };
		A304F942233CDA9800C3B6F7 /* SaarahButton.swift in Sources */ = {isa = PBXBuildFile; fileRef = A304F941233CDA9800C3B6F7 /* SaarahButton.swift */; };
		A304F944233CDB3300C3B6F7 /* CaptionButton.swift in Sources */ = {isa = PBXBuildFile; fileRef = A304F943233CDB3300C3B6F7 /* CaptionButton.swift */; };
		A304F946233CE21300C3B6F7 /* DefaultCellTableViewCell.swift in Sources */ = {isa = PBXBuildFile; fileRef = A304F945233CE21300C3B6F7 /* DefaultCellTableViewCell.swift */; };
		A304F948233CE74500C3B6F7 /* EmptySectionHeaderView.swift in Sources */ = {isa = PBXBuildFile; fileRef = A304F947233CE74500C3B6F7 /* EmptySectionHeaderView.swift */; };
		A304F94B233CECC100C3B6F7 /* TextFieldTableViewCell.swift in Sources */ = {isa = PBXBuildFile; fileRef = A304F94A233CECC100C3B6F7 /* TextFieldTableViewCell.swift */; };
		A304F94D233CED4100C3B6F7 /* SaarahTextField.swift in Sources */ = {isa = PBXBuildFile; fileRef = A304F94C233CED4100C3B6F7 /* SaarahTextField.swift */; };
		A304F94F233E270600C3B6F7 /* SelectableCell.swift in Sources */ = {isa = PBXBuildFile; fileRef = A304F94E233E270600C3B6F7 /* SelectableCell.swift */; };
		A304F953233E4AD400C3B6F7 /* SaarahTableView.swift in Sources */ = {isa = PBXBuildFile; fileRef = A304F952233E4AD400C3B6F7 /* SaarahTableView.swift */; };
		A32D814B233F6A03008DB50F /* HomeCardCollectionViewCell.swift in Sources */ = {isa = PBXBuildFile; fileRef = A32D814A233F6A03008DB50F /* HomeCardCollectionViewCell.swift */; };
		A32D814D233F6FE0008DB50F /* HomeMenuCollectionView.swift in Sources */ = {isa = PBXBuildFile; fileRef = A32D814C233F6FE0008DB50F /* HomeMenuCollectionView.swift */; };
		A32D814F233F7F8B008DB50F /* HomeMenuTableViewCell.swift in Sources */ = {isa = PBXBuildFile; fileRef = A32D814E233F7F8B008DB50F /* HomeMenuTableViewCell.swift */; };
		A32D8155233F9028008DB50F /* HomeMenuModels.swift in Sources */ = {isa = PBXBuildFile; fileRef = A32D8154233F9028008DB50F /* HomeMenuModels.swift */; };
		A343CF5223180C3C005F2210 /* Assets.xcassets in Resources */ = {isa = PBXBuildFile; fileRef = A343CF5123180C3C005F2210 /* Assets.xcassets */; };
		A343CF5523180C3C005F2210 /* LaunchScreen.storyboard in Resources */ = {isa = PBXBuildFile; fileRef = A343CF5323180C3C005F2210 /* LaunchScreen.storyboard */; };
		A3522D692341200A00DB1314 /* HomeNotification.swift in Sources */ = {isa = PBXBuildFile; fileRef = A3522D682341200A00DB1314 /* HomeNotification.swift */; };
		A3522D6E2341253700DB1314 /* LocalHomeNotificationStore.swift in Sources */ = {isa = PBXBuildFile; fileRef = A3522D6D2341253700DB1314 /* LocalHomeNotificationStore.swift */; };
		A3522D70234186AB00DB1314 /* HomeNotificationTableViewCell.swift in Sources */ = {isa = PBXBuildFile; fileRef = A3522D6F234186AB00DB1314 /* HomeNotificationTableViewCell.swift */; };
		A3522D722341882300DB1314 /* SaarahTableViewSeparator.swift in Sources */ = {isa = PBXBuildFile; fileRef = A3522D712341882300DB1314 /* SaarahTableViewSeparator.swift */; };
		A353D7C9231FE416004A5139 /* NavigationDrawerView.swift in Sources */ = {isa = PBXBuildFile; fileRef = A353D7C8231FE416004A5139 /* NavigationDrawerView.swift */; };
		A353D7CE231FE4B1004A5139 /* NavigationDrawerMenu.swift in Sources */ = {isa = PBXBuildFile; fileRef = A353D7CD231FE4B1004A5139 /* NavigationDrawerMenu.swift */; };
		A353D7D3231FE55B004A5139 /* NavigationDrawerViewController.swift in Sources */ = {isa = PBXBuildFile; fileRef = A353D7D2231FE55B004A5139 /* NavigationDrawerViewController.swift */; };
		A353D7DC231FE61C004A5139 /* AppSplitViewController.swift in Sources */ = {isa = PBXBuildFile; fileRef = A353D7DB231FE61C004A5139 /* AppSplitViewController.swift */; };
		A3780875233B8ECA005B26E8 /* AppStyleGuide.swift in Sources */ = {isa = PBXBuildFile; fileRef = A3780874233B8ECA005B26E8 /* AppStyleGuide.swift */; };
		A3780885233B9555005B26E8 /* Nunito-Black.ttf in Resources */ = {isa = PBXBuildFile; fileRef = A378087E233B94C6005B26E8 /* Nunito-Black.ttf */; };
		A3780886233B9555005B26E8 /* Nunito-Regular.ttf in Resources */ = {isa = PBXBuildFile; fileRef = A378087A233B94C6005B26E8 /* Nunito-Regular.ttf */; };
		A3780889233B988A005B26E8 /* Heading1Label.swift in Sources */ = {isa = PBXBuildFile; fileRef = A3780888233B988A005B26E8 /* Heading1Label.swift */; };
		A378088C233B9C1D005B26E8 /* ProductActivityTableViewCell.swift in Sources */ = {isa = PBXBuildFile; fileRef = A378088B233B9C1D005B26E8 /* ProductActivityTableViewCell.swift */; };
		A3780890233B9CEE005B26E8 /* SaarahTableViewCell.swift in Sources */ = {isa = PBXBuildFile; fileRef = A378088F233B9CEE005B26E8 /* SaarahTableViewCell.swift */; };
		A3780894233BA40E005B26E8 /* Heading2Label.swift in Sources */ = {isa = PBXBuildFile; fileRef = A3780893233BA40E005B26E8 /* Heading2Label.swift */; };
		A3780898233BA771005B26E8 /* Heading3Label.swift in Sources */ = {isa = PBXBuildFile; fileRef = A3780897233BA771005B26E8 /* Heading3Label.swift */; };
		A378089A233BA791005B26E8 /* SaarahLabel.swift in Sources */ = {isa = PBXBuildFile; fileRef = A3780899233BA791005B26E8 /* SaarahLabel.swift */; };
		A378089C233BA853005B26E8 /* ParagraphLabel.swift in Sources */ = {isa = PBXBuildFile; fileRef = A378089B233BA853005B26E8 /* ParagraphLabel.swift */; };
		A378089E233BA8B8005B26E8 /* CaptionLabel.swift in Sources */ = {isa = PBXBuildFile; fileRef = A378089D233BA8B8005B26E8 /* CaptionLabel.swift */; };
		A37808A6233BDD6C005B26E8 /* SaarahImageView.swift in Sources */ = {isa = PBXBuildFile; fileRef = A37808A5233BDD6C005B26E8 /* SaarahImageView.swift */; };
		A37808A7233BDF6C005B26E8 /* Nunito-Bold.ttf in Resources */ = {isa = PBXBuildFile; fileRef = A3780881233B94C6005B26E8 /* Nunito-Bold.ttf */; };
		A37808A9233BDFF4005B26E8 /* UIColor+rgbaExtension.swift in Sources */ = {isa = PBXBuildFile; fileRef = A37808A8233BDFF4005B26E8 /* UIColor+rgbaExtension.swift */; };
		A3AACBC82340C946000EFB6B /* SaarahViewController.swift in Sources */ = {isa = PBXBuildFile; fileRef = A3AACBC72340C946000EFB6B /* SaarahViewController.swift */; };
		A3ABCE71233CCFDE00FF54FD /* SaarahIconImageView.swift in Sources */ = {isa = PBXBuildFile; fileRef = A3ABCE70233CCFDE00FF54FD /* SaarahIconImageView.swift */; };
		A3B76AD1234CB39D0010B7AF /* HomeBuilder.swift in Sources */ = {isa = PBXBuildFile; fileRef = A3B76AD0234CB39D0010B7AF /* HomeBuilder.swift */; };
		A3D2D0D02340E91100432214 /* HomePresenter.swift in Sources */ = {isa = PBXBuildFile; fileRef = A3D2D0C92340E91100432214 /* HomePresenter.swift */; };
		A3D2D0D12340E91100432214 /* HomeWorker.swift in Sources */ = {isa = PBXBuildFile; fileRef = A3D2D0CA2340E91100432214 /* HomeWorker.swift */; };
		A3D2D0D22340E91100432214 /* HomeRouter.swift in Sources */ = {isa = PBXBuildFile; fileRef = A3D2D0CB2340E91100432214 /* HomeRouter.swift */; };
		A3D2D0D32340E91100432214 /* HomeModels.swift in Sources */ = {isa = PBXBuildFile; fileRef = A3D2D0CC2340E91100432214 /* HomeModels.swift */; };
		A3D2D0D42340E91100432214 /* HomeViewController.swift in Sources */ = {isa = PBXBuildFile; fileRef = A3D2D0CD2340E91100432214 /* HomeViewController.swift */; };
		A3D2D0D52340E91100432214 /* HomeInteractor.swift in Sources */ = {isa = PBXBuildFile; fileRef = A3D2D0CE2340E91100432214 /* HomeInteractor.swift */; };
		A3D2D0D62340E91100432214 /* HomeView.swift in Sources */ = {isa = PBXBuildFile; fileRef = A3D2D0CF2340E91100432214 /* HomeView.swift */; };
/* End PBXBuildFile section */

/* Begin PBXFileReference section */
		1B76634B23478E640069D581 /* ListInventoryPresenter.swift */ = {isa = PBXFileReference; lastKnownFileType = sourcecode.swift; path = ListInventoryPresenter.swift; sourceTree = "<group>"; };
		1B76634C23478E640069D581 /* ListInventoryRouter.swift */ = {isa = PBXFileReference; lastKnownFileType = sourcecode.swift; path = ListInventoryRouter.swift; sourceTree = "<group>"; };
		1B76634D23478E640069D581 /* ListInventoryModels.swift */ = {isa = PBXFileReference; lastKnownFileType = sourcecode.swift; path = ListInventoryModels.swift; sourceTree = "<group>"; };
		1B76634E23478E640069D581 /* ListInventoryViewController.swift */ = {isa = PBXFileReference; lastKnownFileType = sourcecode.swift; path = ListInventoryViewController.swift; sourceTree = "<group>"; };
		1B76634F23478E640069D581 /* ListInventoryInteractor.swift */ = {isa = PBXFileReference; lastKnownFileType = sourcecode.swift; path = ListInventoryInteractor.swift; sourceTree = "<group>"; };
		1B76635023478E640069D581 /* ListInventoryView.swift */ = {isa = PBXFileReference; lastKnownFileType = sourcecode.swift; path = ListInventoryView.swift; sourceTree = "<group>"; };
		1B766360234B86740069D581 /* ListInventoryBuilder.swift */ = {isa = PBXFileReference; lastKnownFileType = sourcecode.swift; path = ListInventoryBuilder.swift; sourceTree = "<group>"; };
		1BBA19B1231FF4D300116004 /* FileManager+Image.swift */ = {isa = PBXFileReference; lastKnownFileType = sourcecode.swift; path = "FileManager+Image.swift"; sourceTree = "<group>"; };
		1BFB06192331040D00E7DB70 /* README.md */ = {isa = PBXFileReference; lastKnownFileType = net.daringfireball.markdown; path = README.md; sourceTree = "<group>"; };
		1BFB061D2331096A00E7DB70 /* HomeViewController.swift */ = {isa = PBXFileReference; lastKnownFileType = sourcecode.swift; path = HomeViewController.swift; sourceTree = "<group>"; };
		48244F5123478302007B4AA7 /* ProductDetailPresenter.swift */ = {isa = PBXFileReference; lastKnownFileType = sourcecode.swift; path = ProductDetailPresenter.swift; sourceTree = "<group>"; };
		48244F5223478302007B4AA7 /* ProductDetailRouter.swift */ = {isa = PBXFileReference; lastKnownFileType = sourcecode.swift; path = ProductDetailRouter.swift; sourceTree = "<group>"; };
		48244F5323478302007B4AA7 /* ProductDetailModels.swift */ = {isa = PBXFileReference; lastKnownFileType = sourcecode.swift; path = ProductDetailModels.swift; sourceTree = "<group>"; };
		48244F5423478302007B4AA7 /* ProductDetailViewController.swift */ = {isa = PBXFileReference; lastKnownFileType = sourcecode.swift; path = ProductDetailViewController.swift; sourceTree = "<group>"; };
		48244F5523478302007B4AA7 /* ProductDetailInteractor.swift */ = {isa = PBXFileReference; lastKnownFileType = sourcecode.swift; path = ProductDetailInteractor.swift; sourceTree = "<group>"; };
		48244F5623478302007B4AA7 /* ProductDetailView.swift */ = {isa = PBXFileReference; lastKnownFileType = sourcecode.swift; path = ProductDetailView.swift; sourceTree = "<group>"; };
		48244F5D23479187007B4AA7 /* ProductDetailTableViewDataSource.swift */ = {isa = PBXFileReference; lastKnownFileType = sourcecode.swift; path = ProductDetailTableViewDataSource.swift; sourceTree = "<group>"; };
		482922F5231D42B2005DAF11 /* ConfigurableController.swift */ = {isa = PBXFileReference; lastKnownFileType = sourcecode.swift; path = ConfigurableController.swift; sourceTree = "<group>"; };
		487B9B242331193900D8D6CC /* Product.swift */ = {isa = PBXFileReference; lastKnownFileType = sourcecode.swift; path = Product.swift; sourceTree = "<group>"; };
		487B9B2623311BC900D8D6CC /* ProductLog.swift */ = {isa = PBXFileReference; lastKnownFileType = sourcecode.swift; path = ProductLog.swift; sourceTree = "<group>"; };
		487B9B2823311C8F00D8D6CC /* LogType.swift */ = {isa = PBXFileReference; lastKnownFileType = sourcecode.swift; path = LogType.swift; sourceTree = "<group>"; };
		487B9B2A23311D2100D8D6CC /* Measure.swift */ = {isa = PBXFileReference; lastKnownFileType = sourcecode.swift; path = Measure.swift; sourceTree = "<group>"; };
		487B9B2C23311DE400D8D6CC /* MenuItemProduct.swift */ = {isa = PBXFileReference; lastKnownFileType = sourcecode.swift; path = MenuItemProduct.swift; sourceTree = "<group>"; };
		487B9B2E23311E5400D8D6CC /* MenuItem.swift */ = {isa = PBXFileReference; lastKnownFileType = sourcecode.swift; path = MenuItem.swift; sourceTree = "<group>"; };
		487B9B3223311F7200D8D6CC /* MenuItemPromotion.swift */ = {isa = PBXFileReference; lastKnownFileType = sourcecode.swift; path = MenuItemPromotion.swift; sourceTree = "<group>"; };
		487B9B3423311FDC00D8D6CC /* Promotion.swift */ = {isa = PBXFileReference; lastKnownFileType = sourcecode.swift; path = Promotion.swift; sourceTree = "<group>"; };
		487B9B36233122C400D8D6CC /* Menu.swift */ = {isa = PBXFileReference; lastKnownFileType = sourcecode.swift; path = Menu.swift; sourceTree = "<group>"; };
		489C019A234B626B00AEC143 /* DateFormatManager.swift */ = {isa = PBXFileReference; lastKnownFileType = sourcecode.swift; path = DateFormatManager.swift; sourceTree = "<group>"; };
		48BC806A234CB6270001B1A9 /* ProductDetailBuilder.swift */ = {isa = PBXFileReference; lastKnownFileType = sourcecode.swift; path = ProductDetailBuilder.swift; sourceTree = "<group>"; };
		4C94BAD7233B9086008D62F5 /* UIView.swift */ = {isa = PBXFileReference; lastKnownFileType = sourcecode.swift; path = UIView.swift; sourceTree = "<group>"; };
		4C94BADA233BA552008D62F5 /* ProductItemTableViewCell.swift */ = {isa = PBXFileReference; lastKnownFileType = sourcecode.swift; path = ProductItemTableViewCell.swift; sourceTree = "<group>"; };
		4C94BADC233BA8ED008D62F5 /* UILabel.swift */ = {isa = PBXFileReference; lastKnownFileType = sourcecode.swift; path = UILabel.swift; sourceTree = "<group>"; };
		4C94BAE1233BE19A008D62F5 /* TableViewController.swift */ = {isa = PBXFileReference; lastKnownFileType = sourcecode.swift; path = TableViewController.swift; sourceTree = "<group>"; };
		4C94BAE3233BEE05008D62F5 /* ButtonTableViewCell.swift */ = {isa = PBXFileReference; lastKnownFileType = sourcecode.swift; path = ButtonTableViewCell.swift; sourceTree = "<group>"; };
		4C94BAE5233CD7BC008D62F5 /* LabeledTableViewCell.swift */ = {isa = PBXFileReference; lastKnownFileType = sourcecode.swift; path = LabeledTableViewCell.swift; sourceTree = "<group>"; };
		4C94BAE7233CE4FA008D62F5 /* ProductTableViewCell.swift */ = {isa = PBXFileReference; lastKnownFileType = sourcecode.swift; path = ProductTableViewCell.swift; sourceTree = "<group>"; };
		4C94BAEA233CFB71008D62F5 /* PickerFieldtableViewCell.swift */ = {isa = PBXFileReference; lastKnownFileType = sourcecode.swift; path = PickerFieldtableViewCell.swift; sourceTree = "<group>"; };
		A304F93B233CD90B00C3B6F7 /* DefaultSectionHeaderView.swift */ = {isa = PBXFileReference; lastKnownFileType = sourcecode.swift; path = DefaultSectionHeaderView.swift; sourceTree = "<group>"; };
		A304F93F233CD9EA00C3B6F7 /* CaptionBoldLabel.swift */ = {isa = PBXFileReference; lastKnownFileType = sourcecode.swift; path = CaptionBoldLabel.swift; sourceTree = "<group>"; };
		A304F941233CDA9800C3B6F7 /* SaarahButton.swift */ = {isa = PBXFileReference; lastKnownFileType = sourcecode.swift; path = SaarahButton.swift; sourceTree = "<group>"; };
		A304F943233CDB3300C3B6F7 /* CaptionButton.swift */ = {isa = PBXFileReference; lastKnownFileType = sourcecode.swift; path = CaptionButton.swift; sourceTree = "<group>"; };
		A304F945233CE21300C3B6F7 /* DefaultCellTableViewCell.swift */ = {isa = PBXFileReference; lastKnownFileType = sourcecode.swift; path = DefaultCellTableViewCell.swift; sourceTree = "<group>"; };
		A304F947233CE74500C3B6F7 /* EmptySectionHeaderView.swift */ = {isa = PBXFileReference; lastKnownFileType = sourcecode.swift; path = EmptySectionHeaderView.swift; sourceTree = "<group>"; };
		A304F94A233CECC100C3B6F7 /* TextFieldTableViewCell.swift */ = {isa = PBXFileReference; lastKnownFileType = sourcecode.swift; path = TextFieldTableViewCell.swift; sourceTree = "<group>"; };
		A304F94C233CED4100C3B6F7 /* SaarahTextField.swift */ = {isa = PBXFileReference; lastKnownFileType = sourcecode.swift; path = SaarahTextField.swift; sourceTree = "<group>"; };
		A304F94E233E270600C3B6F7 /* SelectableCell.swift */ = {isa = PBXFileReference; lastKnownFileType = sourcecode.swift; path = SelectableCell.swift; sourceTree = "<group>"; };
		A304F952233E4AD400C3B6F7 /* SaarahTableView.swift */ = {isa = PBXFileReference; lastKnownFileType = sourcecode.swift; path = SaarahTableView.swift; sourceTree = "<group>"; };
		A32D814A233F6A03008DB50F /* HomeCardCollectionViewCell.swift */ = {isa = PBXFileReference; lastKnownFileType = sourcecode.swift; path = HomeCardCollectionViewCell.swift; sourceTree = "<group>"; };
		A32D814C233F6FE0008DB50F /* HomeMenuCollectionView.swift */ = {isa = PBXFileReference; lastKnownFileType = sourcecode.swift; path = HomeMenuCollectionView.swift; sourceTree = "<group>"; };
		A32D814E233F7F8B008DB50F /* HomeMenuTableViewCell.swift */ = {isa = PBXFileReference; lastKnownFileType = sourcecode.swift; path = HomeMenuTableViewCell.swift; sourceTree = "<group>"; };
		A32D8154233F9028008DB50F /* HomeMenuModels.swift */ = {isa = PBXFileReference; lastKnownFileType = sourcecode.swift; path = HomeMenuModels.swift; sourceTree = "<group>"; };
		A343CF4423180C31005F2210 /* project-saarah.app */ = {isa = PBXFileReference; explicitFileType = wrapper.application; includeInIndex = 0; path = "project-saarah.app"; sourceTree = BUILT_PRODUCTS_DIR; };
		A343CF4723180C31005F2210 /* AppDelegate.swift */ = {isa = PBXFileReference; lastKnownFileType = sourcecode.swift; path = AppDelegate.swift; sourceTree = "<group>"; };
		A343CF5123180C3C005F2210 /* Assets.xcassets */ = {isa = PBXFileReference; lastKnownFileType = folder.assetcatalog; path = Assets.xcassets; sourceTree = "<group>"; };
		A343CF5423180C3C005F2210 /* Base */ = {isa = PBXFileReference; lastKnownFileType = file.storyboard; name = Base; path = Base.lproj/LaunchScreen.storyboard; sourceTree = "<group>"; };
		A343CF5623180C3C005F2210 /* Info.plist */ = {isa = PBXFileReference; lastKnownFileType = text.plist.xml; path = Info.plist; sourceTree = "<group>"; };
		A3522D682341200A00DB1314 /* HomeNotification.swift */ = {isa = PBXFileReference; lastKnownFileType = sourcecode.swift; path = HomeNotification.swift; sourceTree = "<group>"; };
		A3522D6D2341253700DB1314 /* LocalHomeNotificationStore.swift */ = {isa = PBXFileReference; lastKnownFileType = sourcecode.swift; path = LocalHomeNotificationStore.swift; sourceTree = "<group>"; };
		A3522D6F234186AB00DB1314 /* HomeNotificationTableViewCell.swift */ = {isa = PBXFileReference; lastKnownFileType = sourcecode.swift; path = HomeNotificationTableViewCell.swift; sourceTree = "<group>"; };
		A3522D712341882300DB1314 /* SaarahTableViewSeparator.swift */ = {isa = PBXFileReference; lastKnownFileType = sourcecode.swift; path = SaarahTableViewSeparator.swift; sourceTree = "<group>"; };
		A353D7C8231FE416004A5139 /* NavigationDrawerView.swift */ = {isa = PBXFileReference; lastKnownFileType = sourcecode.swift; path = NavigationDrawerView.swift; sourceTree = "<group>"; };
		A353D7CD231FE4B1004A5139 /* NavigationDrawerMenu.swift */ = {isa = PBXFileReference; lastKnownFileType = sourcecode.swift; path = NavigationDrawerMenu.swift; sourceTree = "<group>"; };
		A353D7D2231FE55B004A5139 /* NavigationDrawerViewController.swift */ = {isa = PBXFileReference; lastKnownFileType = sourcecode.swift; path = NavigationDrawerViewController.swift; sourceTree = "<group>"; };
		A353D7DB231FE61C004A5139 /* AppSplitViewController.swift */ = {isa = PBXFileReference; lastKnownFileType = sourcecode.swift; path = AppSplitViewController.swift; sourceTree = "<group>"; };
		A3780872233B8D63005B26E8 /* README.md */ = {isa = PBXFileReference; lastKnownFileType = net.daringfireball.markdown; path = README.md; sourceTree = "<group>"; };
		A3780874233B8ECA005B26E8 /* AppStyleGuide.swift */ = {isa = PBXFileReference; lastKnownFileType = sourcecode.swift; path = AppStyleGuide.swift; sourceTree = "<group>"; };
		A378087A233B94C6005B26E8 /* Nunito-Regular.ttf */ = {isa = PBXFileReference; lastKnownFileType = file; path = "Nunito-Regular.ttf"; sourceTree = "<group>"; };
		A378087E233B94C6005B26E8 /* Nunito-Black.ttf */ = {isa = PBXFileReference; lastKnownFileType = file; path = "Nunito-Black.ttf"; sourceTree = "<group>"; };
		A3780881233B94C6005B26E8 /* Nunito-Bold.ttf */ = {isa = PBXFileReference; lastKnownFileType = file; path = "Nunito-Bold.ttf"; sourceTree = "<group>"; };
		A3780888233B988A005B26E8 /* Heading1Label.swift */ = {isa = PBXFileReference; lastKnownFileType = sourcecode.swift; path = Heading1Label.swift; sourceTree = "<group>"; };
		A378088B233B9C1D005B26E8 /* ProductActivityTableViewCell.swift */ = {isa = PBXFileReference; lastKnownFileType = sourcecode.swift; path = ProductActivityTableViewCell.swift; sourceTree = "<group>"; };
		A378088F233B9CEE005B26E8 /* SaarahTableViewCell.swift */ = {isa = PBXFileReference; lastKnownFileType = sourcecode.swift; path = SaarahTableViewCell.swift; sourceTree = "<group>"; };
		A3780893233BA40E005B26E8 /* Heading2Label.swift */ = {isa = PBXFileReference; lastKnownFileType = sourcecode.swift; path = Heading2Label.swift; sourceTree = "<group>"; };
		A3780897233BA771005B26E8 /* Heading3Label.swift */ = {isa = PBXFileReference; lastKnownFileType = sourcecode.swift; path = Heading3Label.swift; sourceTree = "<group>"; };
		A3780899233BA791005B26E8 /* SaarahLabel.swift */ = {isa = PBXFileReference; lastKnownFileType = sourcecode.swift; path = SaarahLabel.swift; sourceTree = "<group>"; };
		A378089B233BA853005B26E8 /* ParagraphLabel.swift */ = {isa = PBXFileReference; lastKnownFileType = sourcecode.swift; path = ParagraphLabel.swift; sourceTree = "<group>"; };
		A378089D233BA8B8005B26E8 /* CaptionLabel.swift */ = {isa = PBXFileReference; lastKnownFileType = sourcecode.swift; path = CaptionLabel.swift; sourceTree = "<group>"; };
		A37808A5233BDD6C005B26E8 /* SaarahImageView.swift */ = {isa = PBXFileReference; lastKnownFileType = sourcecode.swift; path = SaarahImageView.swift; sourceTree = "<group>"; };
		A37808A8233BDFF4005B26E8 /* UIColor+rgbaExtension.swift */ = {isa = PBXFileReference; lastKnownFileType = sourcecode.swift; path = "UIColor+rgbaExtension.swift"; sourceTree = "<group>"; };
		A3AACBC72340C946000EFB6B /* SaarahViewController.swift */ = {isa = PBXFileReference; lastKnownFileType = sourcecode.swift; path = SaarahViewController.swift; sourceTree = "<group>"; };
		A3ABCE70233CCFDE00FF54FD /* SaarahIconImageView.swift */ = {isa = PBXFileReference; lastKnownFileType = sourcecode.swift; path = SaarahIconImageView.swift; sourceTree = "<group>"; };
		A3B76AD0234CB39D0010B7AF /* HomeBuilder.swift */ = {isa = PBXFileReference; lastKnownFileType = sourcecode.swift; path = HomeBuilder.swift; sourceTree = "<group>"; };
		A3D2D0C92340E91100432214 /* HomePresenter.swift */ = {isa = PBXFileReference; lastKnownFileType = sourcecode.swift; path = HomePresenter.swift; sourceTree = "<group>"; };
		A3D2D0CA2340E91100432214 /* HomeWorker.swift */ = {isa = PBXFileReference; lastKnownFileType = sourcecode.swift; path = HomeWorker.swift; sourceTree = "<group>"; };
		A3D2D0CB2340E91100432214 /* HomeRouter.swift */ = {isa = PBXFileReference; lastKnownFileType = sourcecode.swift; path = HomeRouter.swift; sourceTree = "<group>"; };
		A3D2D0CC2340E91100432214 /* HomeModels.swift */ = {isa = PBXFileReference; lastKnownFileType = sourcecode.swift; path = HomeModels.swift; sourceTree = "<group>"; };
		A3D2D0CD2340E91100432214 /* HomeViewController.swift */ = {isa = PBXFileReference; lastKnownFileType = sourcecode.swift; path = HomeViewController.swift; sourceTree = "<group>"; };
		A3D2D0CE2340E91100432214 /* HomeInteractor.swift */ = {isa = PBXFileReference; lastKnownFileType = sourcecode.swift; path = HomeInteractor.swift; sourceTree = "<group>"; };
		A3D2D0CF2340E91100432214 /* HomeView.swift */ = {isa = PBXFileReference; lastKnownFileType = sourcecode.swift; path = HomeView.swift; sourceTree = "<group>"; };
/* End PBXFileReference section */

/* Begin PBXFrameworksBuildPhase section */
		A343CF4123180C31005F2210 /* Frameworks */ = {
			isa = PBXFrameworksBuildPhase;
			buildActionMask = 2147483647;
			files = (
			);
			runOnlyForDeploymentPostprocessing = 0;
		};
/* End PBXFrameworksBuildPhase section */

/* Begin PBXGroup section */
		1B4F4178231DF83400EB1F13 /* services */ = {
			isa = PBXGroup;
			children = (
				A3522D6A234124AF00DB1314 /* home-notification-service */,
				1BFB06192331040D00E7DB70 /* README.md */,
			);
			path = services;
			sourceTree = "<group>";
		};
		1B76634A23478E4C0069D581 /* list-inventory */ = {
			isa = PBXGroup;
			children = (
				1B76634B23478E640069D581 /* ListInventoryPresenter.swift */,
				1B76634C23478E640069D581 /* ListInventoryRouter.swift */,
				1B76634D23478E640069D581 /* ListInventoryModels.swift */,
				1B76634E23478E640069D581 /* ListInventoryViewController.swift */,
				1B76634F23478E640069D581 /* ListInventoryInteractor.swift */,
				1B76635023478E640069D581 /* ListInventoryView.swift */,
				1B766360234B86740069D581 /* ListInventoryBuilder.swift */,
			);
			path = "list-inventory";
            sourceTree = "<group>";
        };
		48244F50234782E4007B4AA7 /* product-detail */ = {
			isa = PBXGroup;
			children = (
				48244F5423478302007B4AA7 /* ProductDetailViewController.swift */,
				48244F5623478302007B4AA7 /* ProductDetailView.swift */,
				48BC806A234CB6270001B1A9 /* ProductDetailBuilder.swift */,
				48244F5523478302007B4AA7 /* ProductDetailInteractor.swift */,
				48244F5123478302007B4AA7 /* ProductDetailPresenter.swift */,
				48244F5323478302007B4AA7 /* ProductDetailModels.swift */,
				48244F5223478302007B4AA7 /* ProductDetailRouter.swift */,
				48244F5D23479187007B4AA7 /* ProductDetailTableViewDataSource.swift */,
			);
			path = "product-detail";
			sourceTree = "<group>";
		};
		482922F7231D4503005DAF11 /* utils */ = {
			isa = PBXGroup;
			children = (
				4C94BAD6233B9060008D62F5 /* extensions */,
				A3780873233B8E64005B26E8 /* app-style-guide */,
				482922F5231D42B2005DAF11 /* ConfigurableController.swift */,
				1BBA19B1231FF4D300116004 /* FileManager+Image.swift */,
				A37808A8233BDFF4005B26E8 /* UIColor+rgbaExtension.swift */,
				489C019A234B626B00AEC143 /* DateFormatManager.swift */,
			);
			path = utils;
			sourceTree = "<group>";
		};
		48ED6BCE231D3D7300A792DF /* controllers */ = {
			isa = PBXGroup;
			children = (
				A353D7DA231FE605004A5139 /* split-view */,
				A353D7D1231FE525004A5139 /* navigation-drawer */,
			);
			path = controllers;
			sourceTree = "<group>";
		};
		48ED6BD2231D3D9C00A792DF /* views */ = {
			isa = PBXGroup;
			children = (
				A353D7C7231FE3F3004A5139 /* components */,
			);
			path = views;
			sourceTree = "<group>";
		};
		48ED6BDB231D3DF700A792DF /* applications */ = {
			isa = PBXGroup;
			children = (
				A343CF4723180C31005F2210 /* AppDelegate.swift */,
				A343CF5323180C3C005F2210 /* LaunchScreen.storyboard */,
				A343CF5123180C3C005F2210 /* Assets.xcassets */,
			);
			path = applications;
			sourceTree = "<group>";
		};
		4C94BAD6233B9060008D62F5 /* extensions */ = {
			isa = PBXGroup;
			children = (
				4C94BAD7233B9086008D62F5 /* UIView.swift */,
				4C94BADC233BA8ED008D62F5 /* UILabel.swift */,
			);
			path = extensions;
			sourceTree = "<group>";
		};
		4C94BAD9233BA515008D62F5 /* components */ = {
			isa = PBXGroup;
			children = (
				4C94BAE3233BEE05008D62F5 /* ButtonTableViewCell.swift */,
				4C94BAE5233CD7BC008D62F5 /* LabeledTableViewCell.swift */,
				4C94BADA233BA552008D62F5 /* ProductItemTableViewCell.swift */,
				4C94BAE7233CE4FA008D62F5 /* ProductTableViewCell.swift */,
			);
			path = components;
			sourceTree = "<group>";
		};
		4C94BAE0233BE149008D62F5 /* helpers */ = {
			isa = PBXGroup;
			children = (
				4C94BAE1233BE19A008D62F5 /* TableViewController.swift */,
			);
			path = helpers;
			sourceTree = "<group>";
		};
		4C94BAE9233CFAF9008D62F5 /* forms */ = {
			isa = PBXGroup;
			children = (
				4C94BAEA233CFB71008D62F5 /* PickerFieldtableViewCell.swift */,
			);
			path = forms;
			sourceTree = "<group>";
		};
		A304F949233CEC9E00C3B6F7 /* form-cells */ = {
			isa = PBXGroup;
			children = (
				A304F94A233CECC100C3B6F7 /* TextFieldTableViewCell.swift */,
			);
			path = "form-cells";
			sourceTree = "<group>";
		};
		A32D8153233F8FFF008DB50F /* home-menu */ = {
			isa = PBXGroup;
			children = (
				A32D814E233F7F8B008DB50F /* HomeMenuTableViewCell.swift */,
				A32D814A233F6A03008DB50F /* HomeCardCollectionViewCell.swift */,
				A32D814C233F6FE0008DB50F /* HomeMenuCollectionView.swift */,
				A32D8154233F9028008DB50F /* HomeMenuModels.swift */,
			);
			path = "home-menu";
			sourceTree = "<group>";
		};
		A343CF3B23180C31005F2210 = {
			isa = PBXGroup;
			children = (
				A343CF4623180C31005F2210 /* project-saarah */,
				A343CF4523180C31005F2210 /* Products */,
			);
			sourceTree = "<group>";
		};
		A343CF4523180C31005F2210 /* Products */ = {
			isa = PBXGroup;
			children = (
				A343CF4423180C31005F2210 /* project-saarah.app */,
			);
			name = Products;
			sourceTree = "<group>";
		};
		A343CF4623180C31005F2210 /* project-saarah */ = {
			isa = PBXGroup;
			children = (
				A343CF5623180C3C005F2210 /* Info.plist */,
				1B4F4178231DF83400EB1F13 /* services */,
				482922F7231D4503005DAF11 /* utils */,
				4C94BAD9233BA515008D62F5 /* components */,
				4C94BAE9233CFAF9008D62F5 /* forms */,
				4C94BAE0233BE149008D62F5 /* helpers */,
				48ED6BDB231D3DF700A792DF /* applications */,
				A353D7CA231FE44A004A5139 /* models */,
				48ED6BD2231D3D9C00A792DF /* views */,
				A3780871233B8CF9005B26E8 /* scenes */,
				48ED6BCE231D3D7300A792DF /* controllers */,
			);
			path = "project-saarah";
			sourceTree = "<group>";
		};
		A3522D6A234124AF00DB1314 /* home-notification-service */ = {
			isa = PBXGroup;
			children = (
				A3522D6D2341253700DB1314 /* LocalHomeNotificationStore.swift */,
			);
			path = "home-notification-service";
			sourceTree = "<group>";
		};
		A353D7C7231FE3F3004A5139 /* components */ = {
			isa = PBXGroup;
			children = (
				A32D8153233F8FFF008DB50F /* home-menu */,
				A304F949233CEC9E00C3B6F7 /* form-cells */,
				A378088A233B9BDB005B26E8 /* custom-cells */,
				A3780887233B9865005B26E8 /* base-components */,
				A353D7C8231FE416004A5139 /* NavigationDrawerView.swift */,
			);
			path = components;
			sourceTree = "<group>";
		};
		A353D7CA231FE44A004A5139 /* models */ = {
			isa = PBXGroup;
			children = (
				A353D7CD231FE4B1004A5139 /* NavigationDrawerMenu.swift */,
				487B9B242331193900D8D6CC /* Product.swift */,
				487B9B2623311BC900D8D6CC /* ProductLog.swift */,
				487B9B2823311C8F00D8D6CC /* LogType.swift */,
				487B9B2A23311D2100D8D6CC /* Measure.swift */,
				487B9B2C23311DE400D8D6CC /* MenuItemProduct.swift */,
				487B9B2E23311E5400D8D6CC /* MenuItem.swift */,
				487B9B3223311F7200D8D6CC /* MenuItemPromotion.swift */,
				487B9B3423311FDC00D8D6CC /* Promotion.swift */,
				487B9B36233122C400D8D6CC /* Menu.swift */,
				A3522D682341200A00DB1314 /* HomeNotification.swift */,
			);
			path = models;
			sourceTree = "<group>";
		};
		A353D7D1231FE525004A5139 /* navigation-drawer */ = {
			isa = PBXGroup;
			children = (
				A353D7D2231FE55B004A5139 /* NavigationDrawerViewController.swift */,
			);
			path = "navigation-drawer";
			sourceTree = "<group>";
		};
		A353D7DA231FE605004A5139 /* split-view */ = {
			isa = PBXGroup;
			children = (
				A353D7DB231FE61C004A5139 /* AppSplitViewController.swift */,
			);
			path = "split-view";
			sourceTree = "<group>";
		};
		A3780871233B8CF9005B26E8 /* scenes */ = {
			isa = PBXGroup;
			children = (
				1B76634A23478E4C0069D581 /* list-inventory */,
				A3D2D0D72340E91800432214 /* home */,
				48244F50234782E4007B4AA7 /* product-detail */,
				A3780872233B8D63005B26E8 /* README.md */,
			);
			path = scenes;
			sourceTree = "<group>";
		};
		A3780873233B8E64005B26E8 /* app-style-guide */ = {
			isa = PBXGroup;
			children = (
				A3780876233B9462005B26E8 /* fonts */,
				A3780874233B8ECA005B26E8 /* AppStyleGuide.swift */,
			);
			path = "app-style-guide";
			sourceTree = "<group>";
		};
		A3780876233B9462005B26E8 /* fonts */ = {
			isa = PBXGroup;
			children = (
				A378087E233B94C6005B26E8 /* Nunito-Black.ttf */,
				A3780881233B94C6005B26E8 /* Nunito-Bold.ttf */,
				A378087A233B94C6005B26E8 /* Nunito-Regular.ttf */,
			);
			path = fonts;
			sourceTree = "<group>";
		};
		A3780887233B9865005B26E8 /* base-components */ = {
			isa = PBXGroup;
			children = (
				A3780888233B988A005B26E8 /* Heading1Label.swift */,
				A3780893233BA40E005B26E8 /* Heading2Label.swift */,
				A3780897233BA771005B26E8 /* Heading3Label.swift */,
				A3780899233BA791005B26E8 /* SaarahLabel.swift */,
				A378089B233BA853005B26E8 /* ParagraphLabel.swift */,
				A378089D233BA8B8005B26E8 /* CaptionLabel.swift */,
				A37808A5233BDD6C005B26E8 /* SaarahImageView.swift */,
				A3ABCE70233CCFDE00FF54FD /* SaarahIconImageView.swift */,
				A304F93F233CD9EA00C3B6F7 /* CaptionBoldLabel.swift */,
				A304F941233CDA9800C3B6F7 /* SaarahButton.swift */,
				A304F943233CDB3300C3B6F7 /* CaptionButton.swift */,
				A304F94C233CED4100C3B6F7 /* SaarahTextField.swift */,
				A304F952233E4AD400C3B6F7 /* SaarahTableView.swift */,
				A3AACBC72340C946000EFB6B /* SaarahViewController.swift */,
				A3522D712341882300DB1314 /* SaarahTableViewSeparator.swift */,
			);
			path = "base-components";
			sourceTree = "<group>";
		};
		A378088A233B9BDB005B26E8 /* custom-cells */ = {
			isa = PBXGroup;
			children = (
				A378088B233B9C1D005B26E8 /* ProductActivityTableViewCell.swift */,
				A378088F233B9CEE005B26E8 /* SaarahTableViewCell.swift */,
				A304F93B233CD90B00C3B6F7 /* DefaultSectionHeaderView.swift */,
				A304F945233CE21300C3B6F7 /* DefaultCellTableViewCell.swift */,
				A304F947233CE74500C3B6F7 /* EmptySectionHeaderView.swift */,
				A304F94E233E270600C3B6F7 /* SelectableCell.swift */,
				A3522D6F234186AB00DB1314 /* HomeNotificationTableViewCell.swift */,
			);
			path = "custom-cells";
			sourceTree = "<group>";
		};
		A3D2D0D72340E91800432214 /* home */ = {
			isa = PBXGroup;
			children = (
				A3D2D0C92340E91100432214 /* HomePresenter.swift */,
				A3D2D0CA2340E91100432214 /* HomeWorker.swift */,
				A3D2D0CB2340E91100432214 /* HomeRouter.swift */,
				A3D2D0CC2340E91100432214 /* HomeModels.swift */,
				A3D2D0CD2340E91100432214 /* HomeViewController.swift */,
				A3D2D0CE2340E91100432214 /* HomeInteractor.swift */,
				A3D2D0CF2340E91100432214 /* HomeView.swift */,
				A3B76AD0234CB39D0010B7AF /* HomeBuilder.swift */,
			);
			path = home;
			sourceTree = "<group>";
		};
/* End PBXGroup section */

/* Begin PBXNativeTarget section */
		A343CF4323180C31005F2210 /* project-saarah */ = {
			isa = PBXNativeTarget;
			buildConfigurationList = A343CF5923180C3C005F2210 /* Build configuration list for PBXNativeTarget "project-saarah" */;
			buildPhases = (
				A343CF4023180C31005F2210 /* Sources */,
				A343CF4123180C31005F2210 /* Frameworks */,
				A343CF4223180C31005F2210 /* Resources */,
				A343CF5C231947FF005F2210 /* Run Swift Lint */,
			);
			buildRules = (
			);
			dependencies = (
			);
			name = "project-saarah";
			productName = "project-saarah";
			productReference = A343CF4423180C31005F2210 /* project-saarah.app */;
			productType = "com.apple.product-type.application";
		};
/* End PBXNativeTarget section */

/* Begin PBXProject section */
		A343CF3C23180C31005F2210 /* Project object */ = {
			isa = PBXProject;
			attributes = {
				LastSwiftUpdateCheck = 1020;
				LastUpgradeCheck = 1030;
				ORGANIZATIONNAME = "Bruno Rocha";
				TargetAttributes = {
					A343CF4323180C31005F2210 = {
						CreatedOnToolsVersion = 10.2.1;
					};
				};
			};
			buildConfigurationList = A343CF3F23180C31005F2210 /* Build configuration list for PBXProject "project-saarah" */;
			compatibilityVersion = "Xcode 9.3";
			developmentRegion = en;
			hasScannedForEncodings = 0;
			knownRegions = (
				en,
				Base,
			);
			mainGroup = A343CF3B23180C31005F2210;
			productRefGroup = A343CF4523180C31005F2210 /* Products */;
			projectDirPath = "";
			projectRoot = "";
			targets = (
				A343CF4323180C31005F2210 /* project-saarah */,
			);
		};
/* End PBXProject section */

/* Begin PBXResourcesBuildPhase section */
		A343CF4223180C31005F2210 /* Resources */ = {
			isa = PBXResourcesBuildPhase;
			buildActionMask = 2147483647;
			files = (
				A37808A7233BDF6C005B26E8 /* Nunito-Bold.ttf in Resources */,
				A3780885233B9555005B26E8 /* Nunito-Black.ttf in Resources */,
				A3780886233B9555005B26E8 /* Nunito-Regular.ttf in Resources */,
				A343CF5523180C3C005F2210 /* LaunchScreen.storyboard in Resources */,
				1BFB061A2331040D00E7DB70 /* README.md in Resources */,
				A343CF5223180C3C005F2210 /* Assets.xcassets in Resources */,
			);
			runOnlyForDeploymentPostprocessing = 0;
		};
/* End PBXResourcesBuildPhase section */

/* Begin PBXShellScriptBuildPhase section */
		A343CF5C231947FF005F2210 /* Run Swift Lint */ = {
			isa = PBXShellScriptBuildPhase;
			buildActionMask = 2147483647;
			files = (
			);
			inputFileListPaths = (
			);
			inputPaths = (
			);
			name = "Run Swift Lint";
			outputFileListPaths = (
			);
			outputPaths = (
			);
			runOnlyForDeploymentPostprocessing = 0;
			shellPath = /bin/sh;
			shellScript = "\nif which swiftlint >/dev/null; then\nswiftlint\nelse\necho \"warning: SwiftLint not installed, download from https://github.com/realm/SwiftLint\"\nfi\n";
		};
/* End PBXShellScriptBuildPhase section */

/* Begin PBXSourcesBuildPhase section */
		A343CF4023180C31005F2210 /* Sources */ = {
			isa = PBXSourcesBuildPhase;
			buildActionMask = 2147483647;
			files = (
				48BC8069234CB1560001B1A9 /* ConfigurableController.swift in Sources */,
				489C01A1234B89FC00AEC143 /* FileManager+Image.swift in Sources */,
				4C94BADB233BA553008D62F5 /* ProductItemTableViewCell.swift in Sources */,
				A3D2D0D52340E91100432214 /* HomeInteractor.swift in Sources */,
				4C94BAE4233BEE05008D62F5 /* ButtonTableViewCell.swift in Sources */,
				A3D2D0D22340E91100432214 /* HomeRouter.swift in Sources */,
				A32D814D233F6FE0008DB50F /* HomeMenuCollectionView.swift in Sources */,
				A353D7C9231FE416004A5139 /* NavigationDrawerView.swift in Sources */,
				48244F5E23479187007B4AA7 /* ProductDetailTableViewDataSource.swift in Sources */,
				487B9B3523311FDC00D8D6CC /* Promotion.swift in Sources */,
				A353D7CE231FE4B1004A5139 /* NavigationDrawerMenu.swift in Sources */,
				A3D2D0D62340E91100432214 /* HomeView.swift in Sources */,
				A3AACBC82340C946000EFB6B /* SaarahViewController.swift in Sources */,
				48244F5C23478303007B4AA7 /* ProductDetailView.swift in Sources */,
				4C94BAEB233CFB71008D62F5 /* PickerFieldtableViewCell.swift in Sources */,
				A3522D722341882300DB1314 /* SaarahTableViewSeparator.swift in Sources */,
				487B9B2B23311D2100D8D6CC /* Measure.swift in Sources */,
				48244F5A23478303007B4AA7 /* ProductDetailViewController.swift in Sources */,
				487B9B252331193900D8D6CC /* Product.swift in Sources */,
				4818E1372322AFC500EFF585 /* AppDelegate.swift in Sources */,
				A304F94D233CED4100C3B6F7 /* SaarahTextField.swift in Sources */,
				A32D8155233F9028008DB50F /* HomeMenuModels.swift in Sources */,
				A32D814B233F6A03008DB50F /* HomeCardCollectionViewCell.swift in Sources */,
				487B9B2D23311DE400D8D6CC /* MenuItemProduct.swift in Sources */,
				1B76635223478E640069D581 /* ListInventoryRouter.swift in Sources */,
				487B9B2723311BC900D8D6CC /* ProductLog.swift in Sources */,
				487B9B2F23311E5400D8D6CC /* MenuItem.swift in Sources */,
				A3522D692341200A00DB1314 /* HomeNotification.swift in Sources */,
				A3B76AD1234CB39D0010B7AF /* HomeBuilder.swift in Sources */,
				4C94BADD233BA8ED008D62F5 /* UILabel.swift in Sources */,
				1BFB061E2331096A00E7DB70 /* HomeViewController.swift in Sources */,
				48BC806B234CB6270001B1A9 /* ProductDetailBuilder.swift in Sources */,
				489C019B234B626B00AEC143 /* DateFormatManager.swift in Sources */,
				A304F94F233E270600C3B6F7 /* SelectableCell.swift in Sources */,
				1B76635323478E640069D581 /* ListInventoryModels.swift in Sources */,
				A3D2D0D12340E91100432214 /* HomeWorker.swift in Sources */,
				A378089C233BA853005B26E8 /* ParagraphLabel.swift in Sources */,
				1B76635123478E640069D581 /* ListInventoryPresenter.swift in Sources */,
				A353D7D3231FE55B004A5139 /* NavigationDrawerViewController.swift in Sources */,
				A37808A6233BDD6C005B26E8 /* SaarahImageView.swift in Sources */,
				A3780890233B9CEE005B26E8 /* SaarahTableViewCell.swift in Sources */,
				1B766361234B86740069D581 /* ListInventoryBuilder.swift in Sources */,
				A304F940233CD9EA00C3B6F7 /* CaptionBoldLabel.swift in Sources */,
				A353D7DC231FE61C004A5139 /* AppSplitViewController.swift in Sources */,
				A304F944233CDB3300C3B6F7 /* CaptionButton.swift in Sources */,
				A3780875233B8ECA005B26E8 /* AppStyleGuide.swift in Sources */,
				487B9B2923311C8F00D8D6CC /* LogType.swift in Sources */,
				A3D2D0D32340E91100432214 /* HomeModels.swift in Sources */,
				A37808A9233BDFF4005B26E8 /* UIColor+rgbaExtension.swift in Sources */,
				A32D814F233F7F8B008DB50F /* HomeMenuTableViewCell.swift in Sources */,
				A3ABCE71233CCFDE00FF54FD /* SaarahIconImageView.swift in Sources */,
				487B9B37233122C400D8D6CC /* Menu.swift in Sources */,
				A304F942233CDA9800C3B6F7 /* SaarahButton.swift in Sources */,
				A37808A2233BB0D6005B26E8 /* TableViewSeparator.swift in Sources */,
				1B76635523478E640069D581 /* ListInventoryInteractor.swift in Sources */,
				A304F93C233CD90B00C3B6F7 /* DefaultSectionHeaderView.swift in Sources */,
				A304F948233CE74500C3B6F7 /* EmptySectionHeaderView.swift in Sources */,
				A3780889233B988A005B26E8 /* Heading1Label.swift in Sources */,
				A304F953233E4AD400C3B6F7 /* SaarahTableView.swift in Sources */,
				1B76635423478E640069D581 /* ListInventoryViewController.swift in Sources */,
				A3780898233BA771005B26E8 /* Heading3Label.swift in Sources */,
				A3D2D0D02340E91100432214 /* HomePresenter.swift in Sources */,
				A378089A233BA791005B26E8 /* SaarahLabel.swift in Sources */,
				A378088C233B9C1D005B26E8 /* ProductActivityTableViewCell.swift in Sources */,
				1B76635623478E640069D581 /* ListInventoryView.swift in Sources */,
				A3780894233BA40E005B26E8 /* Heading2Label.swift in Sources */,
				48244F5823478303007B4AA7 /* ProductDetailRouter.swift in Sources */,
				A304F946233CE21300C3B6F7 /* DefaultCellTableViewCell.swift in Sources */,
				4C94BAE8233CE4FA008D62F5 /* ProductTableViewCell.swift in Sources */,
				4C94BAE2233BE19A008D62F5 /* TableViewController.swift in Sources */,
				48244F5923478303007B4AA7 /* ProductDetailModels.swift in Sources */,
				4C94BAE6233CD7BC008D62F5 /* LabeledTableViewCell.swift in Sources */,
				A3522D6E2341253700DB1314 /* LocalHomeNotificationStore.swift in Sources */,
				4C94BAD8233B9086008D62F5 /* UIView.swift in Sources */,
				A3D2D0D42340E91100432214 /* HomeViewController.swift in Sources */,
				487B9B3323311F7200D8D6CC /* MenuItemPromotion.swift in Sources */,
				A378089E233BA8B8005B26E8 /* CaptionLabel.swift in Sources */,
				A304F94B233CECC100C3B6F7 /* TextFieldTableViewCell.swift in Sources */,
				A3522D70234186AB00DB1314 /* HomeNotificationTableViewCell.swift in Sources */,
				48244F5723478303007B4AA7 /* ProductDetailPresenter.swift in Sources */,
				48244F5B23478303007B4AA7 /* ProductDetailInteractor.swift in Sources */,
			);
			runOnlyForDeploymentPostprocessing = 0;
		};
/* End PBXSourcesBuildPhase section */

/* Begin PBXVariantGroup section */
		A343CF5323180C3C005F2210 /* LaunchScreen.storyboard */ = {
			isa = PBXVariantGroup;
			children = (
				A343CF5423180C3C005F2210 /* Base */,
			);
			name = LaunchScreen.storyboard;
			sourceTree = "<group>";
		};
/* End PBXVariantGroup section */

/* Begin XCBuildConfiguration section */
		A343CF5723180C3C005F2210 /* Debug */ = {
			isa = XCBuildConfiguration;
			buildSettings = {
				ALWAYS_SEARCH_USER_PATHS = NO;
				CLANG_ANALYZER_NONNULL = YES;
				CLANG_ANALYZER_NUMBER_OBJECT_CONVERSION = YES_AGGRESSIVE;
				CLANG_CXX_LANGUAGE_STANDARD = "gnu++14";
				CLANG_CXX_LIBRARY = "libc++";
				CLANG_ENABLE_MODULES = YES;
				CLANG_ENABLE_OBJC_ARC = YES;
				CLANG_ENABLE_OBJC_WEAK = YES;
				CLANG_WARN_BLOCK_CAPTURE_AUTORELEASING = YES;
				CLANG_WARN_BOOL_CONVERSION = YES;
				CLANG_WARN_COMMA = YES;
				CLANG_WARN_CONSTANT_CONVERSION = YES;
				CLANG_WARN_DEPRECATED_OBJC_IMPLEMENTATIONS = YES;
				CLANG_WARN_DIRECT_OBJC_ISA_USAGE = YES_ERROR;
				CLANG_WARN_DOCUMENTATION_COMMENTS = YES;
				CLANG_WARN_EMPTY_BODY = YES;
				CLANG_WARN_ENUM_CONVERSION = YES;
				CLANG_WARN_INFINITE_RECURSION = YES;
				CLANG_WARN_INT_CONVERSION = YES;
				CLANG_WARN_NON_LITERAL_NULL_CONVERSION = YES;
				CLANG_WARN_OBJC_IMPLICIT_RETAIN_SELF = YES;
				CLANG_WARN_OBJC_LITERAL_CONVERSION = YES;
				CLANG_WARN_OBJC_ROOT_CLASS = YES_ERROR;
				CLANG_WARN_RANGE_LOOP_ANALYSIS = YES;
				CLANG_WARN_STRICT_PROTOTYPES = YES;
				CLANG_WARN_SUSPICIOUS_MOVE = YES;
				CLANG_WARN_UNGUARDED_AVAILABILITY = YES_AGGRESSIVE;
				CLANG_WARN_UNREACHABLE_CODE = YES;
				CLANG_WARN__DUPLICATE_METHOD_MATCH = YES;
				CODE_SIGN_IDENTITY = "iPhone Developer";
				COPY_PHASE_STRIP = NO;
				DEBUG_INFORMATION_FORMAT = dwarf;
				ENABLE_STRICT_OBJC_MSGSEND = YES;
				ENABLE_TESTABILITY = YES;
				GCC_C_LANGUAGE_STANDARD = gnu11;
				GCC_DYNAMIC_NO_PIC = NO;
				GCC_NO_COMMON_BLOCKS = YES;
				GCC_OPTIMIZATION_LEVEL = 0;
				GCC_PREPROCESSOR_DEFINITIONS = (
					"DEBUG=1",
					"$(inherited)",
				);
				GCC_WARN_64_TO_32_BIT_CONVERSION = YES;
				GCC_WARN_ABOUT_RETURN_TYPE = YES_ERROR;
				GCC_WARN_UNDECLARED_SELECTOR = YES;
				GCC_WARN_UNINITIALIZED_AUTOS = YES_AGGRESSIVE;
				GCC_WARN_UNUSED_FUNCTION = YES;
				GCC_WARN_UNUSED_VARIABLE = YES;
				IPHONEOS_DEPLOYMENT_TARGET = 12.2;
				MTL_ENABLE_DEBUG_INFO = INCLUDE_SOURCE;
				MTL_FAST_MATH = YES;
				ONLY_ACTIVE_ARCH = YES;
				SDKROOT = iphoneos;
				SWIFT_ACTIVE_COMPILATION_CONDITIONS = DEBUG;
				SWIFT_OPTIMIZATION_LEVEL = "-Onone";
			};
			name = Debug;
		};
		A343CF5823180C3C005F2210 /* Release */ = {
			isa = XCBuildConfiguration;
			buildSettings = {
				ALWAYS_SEARCH_USER_PATHS = NO;
				CLANG_ANALYZER_NONNULL = YES;
				CLANG_ANALYZER_NUMBER_OBJECT_CONVERSION = YES_AGGRESSIVE;
				CLANG_CXX_LANGUAGE_STANDARD = "gnu++14";
				CLANG_CXX_LIBRARY = "libc++";
				CLANG_ENABLE_MODULES = YES;
				CLANG_ENABLE_OBJC_ARC = YES;
				CLANG_ENABLE_OBJC_WEAK = YES;
				CLANG_WARN_BLOCK_CAPTURE_AUTORELEASING = YES;
				CLANG_WARN_BOOL_CONVERSION = YES;
				CLANG_WARN_COMMA = YES;
				CLANG_WARN_CONSTANT_CONVERSION = YES;
				CLANG_WARN_DEPRECATED_OBJC_IMPLEMENTATIONS = YES;
				CLANG_WARN_DIRECT_OBJC_ISA_USAGE = YES_ERROR;
				CLANG_WARN_DOCUMENTATION_COMMENTS = YES;
				CLANG_WARN_EMPTY_BODY = YES;
				CLANG_WARN_ENUM_CONVERSION = YES;
				CLANG_WARN_INFINITE_RECURSION = YES;
				CLANG_WARN_INT_CONVERSION = YES;
				CLANG_WARN_NON_LITERAL_NULL_CONVERSION = YES;
				CLANG_WARN_OBJC_IMPLICIT_RETAIN_SELF = YES;
				CLANG_WARN_OBJC_LITERAL_CONVERSION = YES;
				CLANG_WARN_OBJC_ROOT_CLASS = YES_ERROR;
				CLANG_WARN_RANGE_LOOP_ANALYSIS = YES;
				CLANG_WARN_STRICT_PROTOTYPES = YES;
				CLANG_WARN_SUSPICIOUS_MOVE = YES;
				CLANG_WARN_UNGUARDED_AVAILABILITY = YES_AGGRESSIVE;
				CLANG_WARN_UNREACHABLE_CODE = YES;
				CLANG_WARN__DUPLICATE_METHOD_MATCH = YES;
				CODE_SIGN_IDENTITY = "iPhone Developer";
				COPY_PHASE_STRIP = NO;
				DEBUG_INFORMATION_FORMAT = "dwarf-with-dsym";
				ENABLE_NS_ASSERTIONS = NO;
				ENABLE_STRICT_OBJC_MSGSEND = YES;
				GCC_C_LANGUAGE_STANDARD = gnu11;
				GCC_NO_COMMON_BLOCKS = YES;
				GCC_WARN_64_TO_32_BIT_CONVERSION = YES;
				GCC_WARN_ABOUT_RETURN_TYPE = YES_ERROR;
				GCC_WARN_UNDECLARED_SELECTOR = YES;
				GCC_WARN_UNINITIALIZED_AUTOS = YES_AGGRESSIVE;
				GCC_WARN_UNUSED_FUNCTION = YES;
				GCC_WARN_UNUSED_VARIABLE = YES;
				IPHONEOS_DEPLOYMENT_TARGET = 12.2;
				MTL_ENABLE_DEBUG_INFO = NO;
				MTL_FAST_MATH = YES;
				SDKROOT = iphoneos;
				SWIFT_COMPILATION_MODE = wholemodule;
				SWIFT_OPTIMIZATION_LEVEL = "-O";
				VALIDATE_PRODUCT = YES;
			};
			name = Release;
		};
		A343CF5A23180C3C005F2210 /* Debug */ = {
			isa = XCBuildConfiguration;
			buildSettings = {
				ASSETCATALOG_COMPILER_APPICON_NAME = AppIcon;
				CODE_SIGN_STYLE = Automatic;
				DEVELOPMENT_TEAM = MK2CL4Y92D;
				INFOPLIST_FILE = "project-saarah/Info.plist";
				LD_RUNPATH_SEARCH_PATHS = (
					"$(inherited)",
					"@executable_path/Frameworks",
				);
				PRODUCT_BUNDLE_IDENTIFIER = "com.project.project-saarah";
				PRODUCT_NAME = "$(TARGET_NAME)";
				SWIFT_VERSION = 5.0;
				TARGETED_DEVICE_FAMILY = "1,2";
			};
			name = Debug;
		};
		A343CF5B23180C3C005F2210 /* Release */ = {
			isa = XCBuildConfiguration;
			buildSettings = {
				ASSETCATALOG_COMPILER_APPICON_NAME = AppIcon;
				CODE_SIGN_STYLE = Automatic;
				DEVELOPMENT_TEAM = MK2CL4Y92D;
				INFOPLIST_FILE = "project-saarah/Info.plist";
				LD_RUNPATH_SEARCH_PATHS = (
					"$(inherited)",
					"@executable_path/Frameworks",
				);
				PRODUCT_BUNDLE_IDENTIFIER = "com.project.project-saarah";
				PRODUCT_NAME = "$(TARGET_NAME)";
				SWIFT_VERSION = 5.0;
				TARGETED_DEVICE_FAMILY = "1,2";
			};
			name = Release;
		};
/* End XCBuildConfiguration section */

/* Begin XCConfigurationList section */
		A343CF3F23180C31005F2210 /* Build configuration list for PBXProject "project-saarah" */ = {
			isa = XCConfigurationList;
			buildConfigurations = (
				A343CF5723180C3C005F2210 /* Debug */,
				A343CF5823180C3C005F2210 /* Release */,
			);
			defaultConfigurationIsVisible = 0;
			defaultConfigurationName = Release;
		};
		A343CF5923180C3C005F2210 /* Build configuration list for PBXNativeTarget "project-saarah" */ = {
			isa = XCConfigurationList;
			buildConfigurations = (
				A343CF5A23180C3C005F2210 /* Debug */,
				A343CF5B23180C3C005F2210 /* Release */,
			);
			defaultConfigurationIsVisible = 0;
			defaultConfigurationName = Release;
		};
/* End XCConfigurationList section */
	};
	rootObject = A343CF3C23180C31005F2210 /* Project object */;
}
